<?xml version="1.0" encoding="utf-8"?>
<Project ToolsVersion="4.0" xmlns="http://schemas.microsoft.com/developer/msbuild/2003">
  <ItemGroup>
    <Filter Include="소스 파일">
      <UniqueIdentifier>{4FC737F1-C7A5-4376-A066-2A32D752A2FF}</UniqueIdentifier>
      <Extensions>cpp;c;cc;cxx;c++;cppm;ixx;def;odl;idl;hpj;bat;asm;asmx</Extensions>
    </Filter>
    <Filter Include="Modern C++">
      <UniqueIdentifier>{cc7b112e-4d57-4881-94b0-1b5ea6cef26c}</UniqueIdentifier>
    </Filter>
    <Filter Include="전문가를 위한 C++">
      <UniqueIdentifier>{c8e6ec09-3497-4f46-84ad-23a0854acb68}</UniqueIdentifier>
    </Filter>
    <Filter Include="전문가를 위한 C++\1장_C++와 표준 라이브러리 초단기 속성 코스">
      <UniqueIdentifier>{e4f92c96-5d64-4bdc-b1d1-c00df948302b}</UniqueIdentifier>
    </Filter>
    <Filter Include="전문가를 위한 C++\2장_스트링과 스트링 뷰 다루기">
      <UniqueIdentifier>{d2c827c6-1270-46b7-92a8-81ac623cf7a0}</UniqueIdentifier>
    </Filter>
    <Filter Include="전문가를 위한 C++\3장_코딩 스타일">
      <UniqueIdentifier>{b2b61bcc-4768-4f1f-9e06-500d1ed6f141}</UniqueIdentifier>
    </Filter>
    <Filter Include="전문가를 위한 C++\4장_전문가다운 C++ 프로그램 디자인">
      <UniqueIdentifier>{522b8982-64ec-4f23-a77d-f552df2726d4}</UniqueIdentifier>
    </Filter>
    <Filter Include="전문가를 위한 C++\5장_객체지향 디자인">
      <UniqueIdentifier>{bada93c2-57a0-40d3-9f12-14e80ee1cc7b}</UniqueIdentifier>
    </Filter>
    <Filter Include="이펙티브 C++">
      <UniqueIdentifier>{c0c994e1-872f-4d8a-8151-3a98f3db2a5c}</UniqueIdentifier>
    </Filter>
  </ItemGroup>
  <ItemGroup>
    <ClCompile Include="main.cpp">
      <Filter>소스 파일</Filter>
    </ClCompile>
    <ClCompile Include="ConsoleApplication1.cpp">
      <Filter>Modern C++</Filter>
    </ClCompile>
    <ClCompile Include="smartPointer.cpp">
      <Filter>Modern C++</Filter>
    </ClCompile>
    <ClCompile Include="1장_1.1_0602.cpp">
      <Filter>전문가를 위한 C++\1장_C++와 표준 라이브러리 초단기 속성 코스</Filter>
    </ClCompile>
    <ClCompile Include="1장_1.1_0603.cpp">
      <Filter>전문가를 위한 C++\1장_C++와 표준 라이브러리 초단기 속성 코스</Filter>
    </ClCompile>
    <ClCompile Include="1장_1.2_0605.cpp">
      <Filter>전문가를 위한 C++\1장_C++와 표준 라이브러리 초단기 속성 코스</Filter>
    </ClCompile>
    <ClCompile Include="1장_1.3~_0606.cpp">
      <Filter>전문가를 위한 C++\1장_C++와 표준 라이브러리 초단기 속성 코스</Filter>
    </ClCompile>
    <ClCompile Include="1장_직원관리시스템_0606.cpp">
      <Filter>전문가를 위한 C++\1장_C++와 표준 라이브러리 초단기 속성 코스</Filter>
    </ClCompile>
    <ClCompile Include="2장_2.1.3~_0608.cpp">
      <Filter>전문가를 위한 C++\2장_스트링과 스트링 뷰 다루기</Filter>
    </ClCompile>
    <ClCompile Include="2장_2.1.1~_0607.cpp">
      <Filter>전문가를 위한 C++\2장_스트링과 스트링 뷰 다루기</Filter>
    </ClCompile>
    <ClCompile Include="3장_3.1~_0610.cpp">
      <Filter>전문가를 위한 C++\3장_코딩 스타일</Filter>
    </ClCompile>
    <ClCompile Include="3장_3.3~_0611.cpp">
      <Filter>전문가를 위한 C++\3장_코딩 스타일</Filter>
    </ClCompile>
    <ClCompile Include="4장_4.1~_0612.cpp">
      <Filter>전문가를 위한 C++\4장_전문가다운 C++ 프로그램 디자인</Filter>
    </ClCompile>
    <ClCompile Include="4장_4.5~_0614.cpp">
      <Filter>전문가를 위한 C++\4장_전문가다운 C++ 프로그램 디자인</Filter>
    </ClCompile>
    <ClCompile Include="5장_5.1~_0616.cpp">
      <Filter>전문가를 위한 C++\5장_객체지향 디자인</Filter>
    </ClCompile>
    <ClCompile Include="1장_C++에 왔으면 C++의 법을 따릅시다_0616.cpp">
      <Filter>이펙티브 C++</Filter>
    </ClCompile>
  </ItemGroup>
  <ItemGroup>
    <ClInclude Include="1장_직원관리시스템_0606.h">
      <Filter>전문가를 위한 C++\1장_C++와 표준 라이브러리 초단기 속성 코스</Filter>
    </ClInclude>
  </ItemGroup>
</Project>