<?xml version="1.0" encoding="utf-8"?>
<Project ToolsVersion="4.0" xmlns="http://schemas.microsoft.com/developer/msbuild/2003">
  <ItemGroup>
    <Filter Include="알고리즘 문제풀이">
      <UniqueIdentifier>{4FC737F1-C7A5-4376-A066-2A32D752A2FF}</UniqueIdentifier>
      <Extensions>cpp;c;cc;cxx;c++;cppm;ixx;def;odl;idl;hpj;bat;asm;asmx</Extensions>
    </Filter>
    <Filter Include="알고리즘 문제풀이\미해결문제">
      <UniqueIdentifier>{77b442a8-9173-45ac-a75a-2c5024e499c5}</UniqueIdentifier>
    </Filter>
    <Filter Include="알고리즘 문제풀이\21_09">
      <UniqueIdentifier>{761e62e7-0767-4fe8-9e50-c266affdf24f}</UniqueIdentifier>
    </Filter>
    <Filter Include="알고리즘 문제풀이\21_09\09_09">
      <UniqueIdentifier>{8dcef0ca-2e58-4a9c-953d-831ae5771856}</UniqueIdentifier>
    </Filter>
    <Filter Include="알고리즘 문제풀이\21_09\09_11">
      <UniqueIdentifier>{13ab8f2c-a9df-41d4-ba0e-3dc475762e8d}</UniqueIdentifier>
    </Filter>
    <Filter Include="알고리즘 문제풀이\21_09\09_12">
      <UniqueIdentifier>{ca23397b-1209-4d87-ae74-ca70648f01cc}</UniqueIdentifier>
    </Filter>
    <Filter Include="알고리즘 문제풀이\21_09\09_13">
      <UniqueIdentifier>{c9fe48fc-c1d4-4e46-a5be-65a7c933e303}</UniqueIdentifier>
    </Filter>
    <Filter Include="알고리즘 문제풀이\21_09\09_14">
      <UniqueIdentifier>{134873b3-24c8-47d9-b6fa-7869da3f7768}</UniqueIdentifier>
    </Filter>
    <Filter Include="알고리즘 문제풀이\21_09\09_15">
      <UniqueIdentifier>{927085b0-87a2-48ed-aa41-2c7aa9d9c66b}</UniqueIdentifier>
    </Filter>
    <Filter Include="알고리즘 문제풀이\21_09\09_16">
      <UniqueIdentifier>{6fabceaf-51a1-4578-b24e-fd89293e7dad}</UniqueIdentifier>
    </Filter>
    <Filter Include="알고리즘 문제풀이\21_09\09_18">
      <UniqueIdentifier>{ff841592-b0fa-4310-9425-fb5882282fad}</UniqueIdentifier>
    </Filter>
    <Filter Include="알고리즘 문제풀이\21_09\09_19">
      <UniqueIdentifier>{711fa378-ad9c-4677-aa66-7cea43b34847}</UniqueIdentifier>
    </Filter>
    <Filter Include="알고리즘 문제풀이\21_09\09_20">
      <UniqueIdentifier>{285851ad-0829-4191-a3c2-5d352dadcd25}</UniqueIdentifier>
    </Filter>
    <Filter Include="알고리즘 문제풀이\21_09\09_21">
      <UniqueIdentifier>{92ae0dc1-e2ef-476f-ae53-1fbd43582881}</UniqueIdentifier>
    </Filter>
    <Filter Include="알고리즘 문제풀이\21_09\09_23">
      <UniqueIdentifier>{0893a2a6-a917-4227-955b-ee1765a3d752}</UniqueIdentifier>
    </Filter>
    <Filter Include="알고리즘 문제풀이\21_09\09_24">
      <UniqueIdentifier>{0948f395-957d-4392-9f8f-3a0d4fd7fb5b}</UniqueIdentifier>
    </Filter>
    <Filter Include="알고리즘 문제풀이\21_09\09_25">
      <UniqueIdentifier>{4bfcd27a-11a8-4f52-bd8f-2b810a3a890f}</UniqueIdentifier>
    </Filter>
    <Filter Include="알고리즘 문제풀이\21_09\09_26">
      <UniqueIdentifier>{1dceb423-9394-4711-92bb-828a20b0d5c7}</UniqueIdentifier>
    </Filter>
    <Filter Include="알고리즘 문제풀이\21_09\09_27">
      <UniqueIdentifier>{3d8b11b5-0cbc-4bc5-98c9-cbc425cc6195}</UniqueIdentifier>
    </Filter>
    <Filter Include="알고리즘 문제풀이\21_09\09_28">
      <UniqueIdentifier>{4f880695-69b2-4e86-a745-b576e04f64be}</UniqueIdentifier>
    </Filter>
    <Filter Include="알고리즘 문제풀이\21_09\09_29">
      <UniqueIdentifier>{45319182-bcd3-47c2-8e31-68b1159b7fd0}</UniqueIdentifier>
    </Filter>
    <Filter Include="알고리즘 문제풀이\21_09\09_30">
      <UniqueIdentifier>{952e5db1-6ed8-4c88-90fe-faa81fddf65f}</UniqueIdentifier>
    </Filter>
    <Filter Include="알고리즘 문제풀이\21_10">
      <UniqueIdentifier>{6938f422-51b4-4d06-b66d-ba1a63c26514}</UniqueIdentifier>
    </Filter>
    <Filter Include="알고리즘 문제풀이\21_10\10_01">
      <UniqueIdentifier>{1ff45a3a-54b6-4d50-9d8f-26751b7e4b69}</UniqueIdentifier>
    </Filter>
    <Filter Include="알고리즘 문제풀이\21_10\10_02">
      <UniqueIdentifier>{9bd254e9-6151-4295-a4bc-f3be6f0213e9}</UniqueIdentifier>
    </Filter>
    <Filter Include="알고리즘 문제풀이\21_10\10_03">
      <UniqueIdentifier>{f72f275e-d13c-4524-8441-1115578d4cb8}</UniqueIdentifier>
    </Filter>
    <Filter Include="알고리즘 문제풀이\21_10\10_04">
      <UniqueIdentifier>{5cd7fe6c-ea5e-4b58-bab7-1655a8ad2abc}</UniqueIdentifier>
    </Filter>
    <Filter Include="알고리즘 문제풀이\21_10\10_05">
      <UniqueIdentifier>{ff0562eb-4d7c-45a1-a3c6-98311dca2a95}</UniqueIdentifier>
    </Filter>
    <Filter Include="알고리즘 문제풀이\21_10\10_06">
      <UniqueIdentifier>{625a17ea-61ff-43e3-b01b-4b2b5228f588}</UniqueIdentifier>
    </Filter>
    <Filter Include="알고리즘 문제풀이\21_10\10_07">
      <UniqueIdentifier>{d703ae00-d103-41ed-bbe1-0dec99836d35}</UniqueIdentifier>
    </Filter>
    <Filter Include="알고리즘 문제풀이\21_10\10_08">
      <UniqueIdentifier>{b452ab8b-be45-496d-8831-98b83b60bb23}</UniqueIdentifier>
    </Filter>
    <Filter Include="알고리즘 문제풀이\21_10\10_09">
      <UniqueIdentifier>{3ff063b9-1dcc-4b60-b2e7-e5aaba63e83c}</UniqueIdentifier>
    </Filter>
    <Filter Include="알고리즘 문제풀이\21_10\10_10">
      <UniqueIdentifier>{aaf01df5-8a5d-43f4-b107-908d77313274}</UniqueIdentifier>
    </Filter>
    <Filter Include="알고리즘 문제풀이\21_10\10_11">
      <UniqueIdentifier>{a09a45ce-3227-4301-9fd4-6c3c1871d738}</UniqueIdentifier>
    </Filter>
    <Filter Include="알고리즘 문제풀이\21_10\10_12">
      <UniqueIdentifier>{7bf8ae70-b01a-48ce-9851-f0a2fb40278f}</UniqueIdentifier>
    </Filter>
    <Filter Include="알고리즘 문제풀이\21_10\10_13">
      <UniqueIdentifier>{939ece3f-0735-4fc4-bf3a-dae611494151}</UniqueIdentifier>
    </Filter>
    <Filter Include="알고리즘 문제풀이\21_10\10_14">
      <UniqueIdentifier>{e6b9bba8-9656-4ffa-b855-41d38cdda3d7}</UniqueIdentifier>
    </Filter>
    <Filter Include="알고리즘 문제풀이\21_10\10_15">
      <UniqueIdentifier>{30a562cd-e671-481e-8400-ddce626e4ab6}</UniqueIdentifier>
    </Filter>
    <Filter Include="알고리즘 문제풀이\21_10\10_16">
      <UniqueIdentifier>{5a6e8d15-32a3-43c4-b775-d995d05a01d4}</UniqueIdentifier>
    </Filter>
    <Filter Include="알고리즘 문제풀이\21_10\10_17">
      <UniqueIdentifier>{e35eaf82-ba05-4737-ba42-cd43504cc444}</UniqueIdentifier>
    </Filter>
    <Filter Include="알고리즘 문제풀이\21_10\10_18">
      <UniqueIdentifier>{8c7ee610-850e-4105-8ccd-0be2a9f8de3f}</UniqueIdentifier>
    </Filter>
    <Filter Include="알고리즘 문제풀이\21_10\10_19">
      <UniqueIdentifier>{f9d5dfe9-716c-4828-a82e-790c5d6428fe}</UniqueIdentifier>
    </Filter>
    <Filter Include="알고리즘 문제풀이\21_10\10_20">
      <UniqueIdentifier>{f868f532-373b-4644-8f1c-4a3605f1fb61}</UniqueIdentifier>
    </Filter>
    <Filter Include="알고리즘 문제풀이\21_10\10_21">
      <UniqueIdentifier>{e5acb164-3f0f-4866-98cf-aa619eef8918}</UniqueIdentifier>
    </Filter>
    <Filter Include="알고리즘 문제풀이\21_10\10_22">
      <UniqueIdentifier>{67b57917-913e-4861-ba8e-1dd959f97633}</UniqueIdentifier>
    </Filter>
    <Filter Include="알고리즘 문제풀이\21_10\10_23">
      <UniqueIdentifier>{4ee32ce8-a1e8-4c26-a8f9-4841b30ab677}</UniqueIdentifier>
    </Filter>
    <Filter Include="알고리즘 문제풀이\21_10\10_24">
      <UniqueIdentifier>{d19eb185-061c-4bed-a98e-516682956980}</UniqueIdentifier>
    </Filter>
    <Filter Include="알고리즘 문제풀이\21_10\10_25">
      <UniqueIdentifier>{4bcc14d5-faeb-4f3f-9114-752194c17643}</UniqueIdentifier>
    </Filter>
    <Filter Include="알고리즘 문제풀이\21_10\10_26">
      <UniqueIdentifier>{2b123ca6-d484-4008-b60a-f1f6c3575fb5}</UniqueIdentifier>
    </Filter>
    <Filter Include="알고리즘 문제풀이\21_10\10_27">
      <UniqueIdentifier>{5af405d2-72a8-4447-8c82-c6d94a86bcdb}</UniqueIdentifier>
    </Filter>
    <Filter Include="알고리즘 문제풀이\21_10\10_28">
      <UniqueIdentifier>{f7a3ff49-abd5-4693-97f7-ff23c4926fea}</UniqueIdentifier>
    </Filter>
    <Filter Include="알고리즘 문제풀이\21_10\10_29">
      <UniqueIdentifier>{7e20c34f-d4e6-4999-94a8-da203a537956}</UniqueIdentifier>
    </Filter>
    <Filter Include="알고리즘 문제풀이\21_10\10_30">
      <UniqueIdentifier>{9be06f31-556d-4128-a786-05bdda58998d}</UniqueIdentifier>
    </Filter>
    <Filter Include="알고리즘 문제풀이\21_10\10_31">
      <UniqueIdentifier>{c9bb004e-22d1-4de1-9233-9eb01934bd98}</UniqueIdentifier>
    </Filter>
    <Filter Include="알고리즘 문제풀이\21_11">
      <UniqueIdentifier>{3231ec22-21b3-4617-b816-7cebc4264657}</UniqueIdentifier>
    </Filter>
    <Filter Include="알고리즘 문제풀이\21_11\11_01">
      <UniqueIdentifier>{40b6c097-4e97-461b-a38f-e05a3e96dd64}</UniqueIdentifier>
    </Filter>
    <Filter Include="알고리즘 문제풀이\21_11\11_02">
      <UniqueIdentifier>{b1f46bf9-c745-43d1-8c3b-b0287ad4121c}</UniqueIdentifier>
    </Filter>
    <Filter Include="알고리즘 문제풀이\21_11\11_03">
      <UniqueIdentifier>{8c57d1e6-ba6d-4322-bd3e-34a52f58ce68}</UniqueIdentifier>
    </Filter>
    <Filter Include="알고리즘 문제풀이\21_11\11_04">
      <UniqueIdentifier>{e0a61c22-a814-4408-ade6-188433af13ef}</UniqueIdentifier>
    </Filter>
    <Filter Include="알고리즘 문제풀이\21_11\11_05">
      <UniqueIdentifier>{56974318-44d9-4c89-86bc-f836db6187f8}</UniqueIdentifier>
    </Filter>
    <Filter Include="알고리즘 문제풀이\21_11\11_06">
      <UniqueIdentifier>{34940964-4d8f-4a1c-8dcb-b0b05722d598}</UniqueIdentifier>
    </Filter>
    <Filter Include="알고리즘 문제풀이\21_11\11_07">
      <UniqueIdentifier>{7e64deec-7c6a-4ac5-b493-16b3c1b2e76b}</UniqueIdentifier>
    </Filter>
    <Filter Include="알고리즘 문제풀이\21_11\11_08">
      <UniqueIdentifier>{3753cbc6-fcde-4f10-b577-17acc97ac0c6}</UniqueIdentifier>
    </Filter>
    <Filter Include="알고리즘 문제풀이\21_11\11_10">
      <UniqueIdentifier>{771b8397-a2d0-4b68-a310-dc247a3a5c81}</UniqueIdentifier>
    </Filter>
    <Filter Include="알고리즘 문제풀이\21_11\11_11">
      <UniqueIdentifier>{69222986-6a98-45cb-9b64-69418074a20a}</UniqueIdentifier>
    </Filter>
    <Filter Include="알고리즘 문제풀이\21_11\11_12">
      <UniqueIdentifier>{31e9ce02-0e64-4da2-879a-9cc411b14494}</UniqueIdentifier>
    </Filter>
    <Filter Include="알고리즘 문제풀이\21_11\11_13">
      <UniqueIdentifier>{e4e555b1-044c-4e93-bf00-ff0168c6527a}</UniqueIdentifier>
    </Filter>
    <Filter Include="알고리즘 문제풀이\21_11\11_14">
      <UniqueIdentifier>{5f772595-d8e4-4ddb-abc5-92d6cd9f05d4}</UniqueIdentifier>
    </Filter>
    <Filter Include="알고리즘 문제풀이\21_11\11_15">
      <UniqueIdentifier>{57f10bc5-9a0b-4773-9a76-a538b91cb259}</UniqueIdentifier>
    </Filter>
    <Filter Include="알고리즘 문제풀이\21_11\11_16">
      <UniqueIdentifier>{5a22fd8b-92f7-4497-9c5d-6b403873eba3}</UniqueIdentifier>
    </Filter>
    <Filter Include="알고리즘 문제풀이\21_11\11_17">
      <UniqueIdentifier>{7f92244a-a9ef-4328-9f57-820efc075e52}</UniqueIdentifier>
    </Filter>
    <Filter Include="알고리즘 문제풀이\21_11\11_18">
      <UniqueIdentifier>{e627bef2-dca3-4abe-a50e-3d5ec713e279}</UniqueIdentifier>
    </Filter>
    <Filter Include="알고리즘 문제풀이\21_11\11_19">
      <UniqueIdentifier>{44009ce5-60e5-4827-bd9b-5ca8d4e381eb}</UniqueIdentifier>
    </Filter>
    <Filter Include="알고리즘 문제풀이\21_11\11_20">
      <UniqueIdentifier>{436bb9c5-be31-451c-8dfc-b88c3a7415d2}</UniqueIdentifier>
    </Filter>
    <Filter Include="알고리즘 문제풀이\21_11\11_21">
      <UniqueIdentifier>{594d1c43-e412-43cc-ac43-b1a0103212d4}</UniqueIdentifier>
    </Filter>
    <Filter Include="알고리즘 문제풀이\21_11\11_22">
      <UniqueIdentifier>{b020c125-0f95-4a93-b857-2a8e98a23d23}</UniqueIdentifier>
    </Filter>
    <Filter Include="알고리즘 문제풀이\21_11\11_23">
      <UniqueIdentifier>{f30014fc-3834-4434-917c-5b3cd15871fc}</UniqueIdentifier>
    </Filter>
    <Filter Include="알고리즘 문제풀이\22_01">
      <UniqueIdentifier>{162e2af2-c2db-48d5-ab53-78600d679710}</UniqueIdentifier>
    </Filter>
    <Filter Include="알고리즘 문제풀이\22_01\01_05">
      <UniqueIdentifier>{09ea6834-de1a-4705-a6d4-515ddcf1bd2f}</UniqueIdentifier>
    </Filter>
    <Filter Include="알고리즘 문제풀이\22_01\01_06">
      <UniqueIdentifier>{5f0b9cf2-bd29-48c1-ae93-e4258cb9e9bf}</UniqueIdentifier>
    </Filter>
    <Filter Include="알고리즘 문제풀이\22_01\01_07">
      <UniqueIdentifier>{d2ee319d-533d-4599-adcc-875c8e3d3343}</UniqueIdentifier>
    </Filter>
    <Filter Include="알고리즘 문제풀이\22_01\01_08">
      <UniqueIdentifier>{916fb7ca-c85e-4f18-9863-0561cc385066}</UniqueIdentifier>
    </Filter>
    <Filter Include="알고리즘 문제풀이\22_01\01_09">
      <UniqueIdentifier>{eb9e832e-7880-4539-85b1-181f2532b039}</UniqueIdentifier>
    </Filter>
    <Filter Include="알고리즘 문제풀이\22_01\01_10">
      <UniqueIdentifier>{d3ba0fd7-e361-4a3c-bd0a-e1c01e768015}</UniqueIdentifier>
    </Filter>
    <Filter Include="알고리즘 문제풀이\22_01\01_11">
      <UniqueIdentifier>{a39172ab-d3a4-4c0c-a1b3-d24933349ecc}</UniqueIdentifier>
    </Filter>
    <Filter Include="알고리즘 문제풀이\22_01\01_15">
      <UniqueIdentifier>{8f412a25-f339-4efb-9e2f-cf23c74751e1}</UniqueIdentifier>
    </Filter>
    <Filter Include="알고리즘 문제풀이\22_01\01_16">
      <UniqueIdentifier>{18cf8fcf-33e6-4978-ba0f-5e947e826f14}</UniqueIdentifier>
    </Filter>
    <Filter Include="알고리즘 문제풀이\22_01\01_18">
      <UniqueIdentifier>{c81c119e-d417-42a3-a593-50988c891ccf}</UniqueIdentifier>
    </Filter>
    <Filter Include="알고리즘 문제풀이\22_01\01_30">
      <UniqueIdentifier>{1abed40d-b982-47ef-bd0c-c5443c1324bd}</UniqueIdentifier>
    </Filter>
    <Filter Include="알고리즘 문제풀이\22_02">
      <UniqueIdentifier>{027312a5-9fcf-4616-ae0d-ad9976c001e4}</UniqueIdentifier>
    </Filter>
    <Filter Include="알고리즘 문제풀이\22_02\02_16">
      <UniqueIdentifier>{bf11620f-4301-4cc2-95a4-0911d6220779}</UniqueIdentifier>
    </Filter>
    <Filter Include="알고리즘 문제풀이\22_02\02_17">
      <UniqueIdentifier>{0bd4e3f9-6015-45eb-8f4c-96584f19de15}</UniqueIdentifier>
    </Filter>
    <Filter Include="알고리즘 문제풀이\22_03">
      <UniqueIdentifier>{49ab15ea-8494-40b9-9049-9a2f2c003938}</UniqueIdentifier>
    </Filter>
    <Filter Include="알고리즘 문제풀이\22_03\03_02">
      <UniqueIdentifier>{0ddcb98e-4dbf-4dac-9192-77cc62a095a2}</UniqueIdentifier>
    </Filter>
    <Filter Include="알고리즘 문제풀이\22_03\03_11">
      <UniqueIdentifier>{29c3a890-39d0-45b6-a2dc-cb24a15f0508}</UniqueIdentifier>
    </Filter>
    <Filter Include="알고리즘 문제풀이\22_03\03_12">
      <UniqueIdentifier>{d8ff6cb8-0338-4c21-aec4-fd12f78760ab}</UniqueIdentifier>
    </Filter>
    <Filter Include="알고리즘 문제풀이\22_03\03_13">
      <UniqueIdentifier>{83b90961-c4bc-46e6-81a7-a2df62a4a437}</UniqueIdentifier>
    </Filter>
    <Filter Include="알고리즘 문제풀이\22_03\03_15">
      <UniqueIdentifier>{236af36f-5bd6-4dae-9ee4-a48453468ea8}</UniqueIdentifier>
    </Filter>
    <Filter Include="알고리즘 문제풀이\22_03\03_18">
      <UniqueIdentifier>{81d9b5a7-ccd1-4d2f-8aaa-99db85e9f230}</UniqueIdentifier>
    </Filter>
    <Filter Include="알고리즘 문제풀이\22_03\03_16">
      <UniqueIdentifier>{63772959-3947-423f-98a6-64c208713d54}</UniqueIdentifier>
    </Filter>
    <Filter Include="알고리즘 문제풀이\22_03\03_19">
      <UniqueIdentifier>{cc5d4e8b-cb47-4f18-8d88-ac793adf4298}</UniqueIdentifier>
    </Filter>
    <Filter Include="알고리즘 문제풀이\22_03\03_21">
      <UniqueIdentifier>{badf9e0d-5044-49af-b848-0f8d158a0d38}</UniqueIdentifier>
    </Filter>
    <Filter Include="알고리즘 문제풀이\22_03\03_26">
      <UniqueIdentifier>{4b564fbe-9be5-4c44-81a1-c9b7af08f5a6}</UniqueIdentifier>
    </Filter>
    <Filter Include="알고리즘 문제풀이\22_03\03_27">
      <UniqueIdentifier>{1d63a3e7-3b53-4bed-a0ac-2a476561df01}</UniqueIdentifier>
    </Filter>
    <Filter Include="알고리즘 문제풀이\22_03\03_29">
      <UniqueIdentifier>{8bb228fe-3617-48c5-b9fc-e0eaa7a84a2c}</UniqueIdentifier>
    </Filter>
    <Filter Include="알고리즘 문제풀이\22_03\03_31">
      <UniqueIdentifier>{e751a15d-18f5-48d4-9324-471fe9e4a7ad}</UniqueIdentifier>
    </Filter>
    <Filter Include="알고리즘 문제풀이\22_04">
      <UniqueIdentifier>{57415672-3671-4a6a-91ef-057ed4577d49}</UniqueIdentifier>
    </Filter>
    <Filter Include="알고리즘 문제풀이\22_04\04_03">
      <UniqueIdentifier>{23cd185d-c4e5-4a7a-8a71-6c420c7aa129}</UniqueIdentifier>
    </Filter>
    <Filter Include="알고리즘 문제풀이\22_04\04_04">
      <UniqueIdentifier>{d40b7444-7e4a-4132-a438-9ed3fb800f79}</UniqueIdentifier>
    </Filter>
    <Filter Include="알고리즘 문제풀이\22_04\04_05">
      <UniqueIdentifier>{d85d2f3b-e710-4b4a-9440-da4050ac5616}</UniqueIdentifier>
    </Filter>
    <Filter Include="알고리즘 문제풀이\22_04\04_06">
      <UniqueIdentifier>{8af98b2b-6edf-45f7-83c3-40965a5be3a3}</UniqueIdentifier>
    </Filter>
    <Filter Include="알고리즘 문제풀이\22_04\04_07">
      <UniqueIdentifier>{64763c00-573a-4c94-ac22-1e8235b238fe}</UniqueIdentifier>
    </Filter>
    <Filter Include="알고리즘 문제풀이\22_04\04_11">
      <UniqueIdentifier>{a461570d-c36a-4b1c-8a88-40e8fc860604}</UniqueIdentifier>
    </Filter>
    <Filter Include="알고리즘 문제풀이\22_04\04_12">
      <UniqueIdentifier>{c99b7589-5cbc-4d60-ae96-fcf9672a788b}</UniqueIdentifier>
    </Filter>
    <Filter Include="알고리즘 문제풀이\22_04\04_13">
      <UniqueIdentifier>{3d3e3271-5b4a-4582-a6d4-ed902d3f59c6}</UniqueIdentifier>
    </Filter>
    <Filter Include="알고리즘 문제풀이\22_04\04_14">
      <UniqueIdentifier>{c9b63875-8986-4e44-8e18-3be0328f14b3}</UniqueIdentifier>
    </Filter>
    <Filter Include="알고리즘 문제풀이\22_04\04_18">
      <UniqueIdentifier>{8e16017f-0d91-4277-bbbc-d316ced6e64a}</UniqueIdentifier>
    </Filter>
    <Filter Include="알고리즘 문제풀이\22_04\04_19">
      <UniqueIdentifier>{85c6bdf5-4556-49ce-bb56-7e9dca0ec4fc}</UniqueIdentifier>
    </Filter>
    <Filter Include="알고리즘 문제풀이\22_04\04_21">
      <UniqueIdentifier>{62a5b536-a5b0-4a3a-8515-d8edf469dab0}</UniqueIdentifier>
    </Filter>
    <Filter Include="알고리즘 문제풀이\22_04\04_23">
      <UniqueIdentifier>{b7dc25f9-64e7-4740-ae0f-8e4c540a16fa}</UniqueIdentifier>
    </Filter>
    <Filter Include="알고리즘 문제풀이\22_04\04_24">
      <UniqueIdentifier>{aa2de244-a1b4-4c47-a30e-ef07878f4934}</UniqueIdentifier>
    </Filter>
    <Filter Include="알고리즘 문제풀이\22_04\04_26">
      <UniqueIdentifier>{f2f1a660-3cf3-46b3-aebe-df912447522d}</UniqueIdentifier>
    </Filter>
    <Filter Include="알고리즘 문제풀이\22_04\04_27">
      <UniqueIdentifier>{0334b1da-0b91-47a6-9c1e-98f6220ab691}</UniqueIdentifier>
    </Filter>
    <Filter Include="알고리즘 문제풀이\22_04\04_25">
      <UniqueIdentifier>{87b2f00c-a58b-4784-a47b-482013059bc3}</UniqueIdentifier>
    </Filter>
    <Filter Include="알고리즘 문제풀이\22_04\04_28">
      <UniqueIdentifier>{3dddff6b-a897-4780-88b1-ddb457bd1b2a}</UniqueIdentifier>
    </Filter>
    <Filter Include="알고리즘 문제풀이\22_04\04_29">
      <UniqueIdentifier>{d7446ea7-1a0e-4fe3-985a-174caec5c2aa}</UniqueIdentifier>
    </Filter>
    <Filter Include="알고리즘 문제풀이\22_05">
      <UniqueIdentifier>{fa298385-14c4-42d7-bfc6-25b4490d60d7}</UniqueIdentifier>
    </Filter>
    <Filter Include="알고리즘 문제풀이\22_05\05_04">
      <UniqueIdentifier>{677fa73f-26de-48fb-bce0-6ba4f99aefb1}</UniqueIdentifier>
    </Filter>
    <Filter Include="알고리즘 문제풀이\22_05\05_05">
      <UniqueIdentifier>{9d46349f-451e-43f2-9c8a-726d363441ec}</UniqueIdentifier>
    </Filter>
    <Filter Include="알고리즘 문제풀이\22_05\05_07">
      <UniqueIdentifier>{8a5e6abd-809f-4a99-b03a-c3b46a7ec86a}</UniqueIdentifier>
    </Filter>
    <Filter Include="알고리즘 문제풀이\22_05\05_09">
      <UniqueIdentifier>{0e32aede-b9b4-45da-b589-d8fccf13cbe8}</UniqueIdentifier>
    </Filter>
    <Filter Include="알고리즘 문제풀이\22_05\05_12">
      <UniqueIdentifier>{60288281-9832-43b8-b71d-190f5c814abc}</UniqueIdentifier>
    </Filter>
    <Filter Include="알고리즘 문제풀이\22_05\05_13">
      <UniqueIdentifier>{ea564cc2-e35a-457e-af36-329489ff5682}</UniqueIdentifier>
    </Filter>
    <Filter Include="알고리즘 문제풀이\22_05\05_15">
      <UniqueIdentifier>{e348d3de-99d5-44f2-b005-554e8aea7eed}</UniqueIdentifier>
    </Filter>
    <Filter Include="알고리즘 문제풀이\22_05\05_16">
      <UniqueIdentifier>{ea30e347-c315-4902-988b-7168542a6edf}</UniqueIdentifier>
    </Filter>
    <Filter Include="알고리즘 문제풀이\22_05\05_17">
      <UniqueIdentifier>{fc2294fa-cbfc-48ba-b51a-4b9c9839eeeb}</UniqueIdentifier>
    </Filter>
    <Filter Include="알고리즘 문제풀이\22_05\05_18">
      <UniqueIdentifier>{f07b1fa8-19f9-42bd-99be-8c108f0c7fb4}</UniqueIdentifier>
    </Filter>
    <Filter Include="알고리즘 문제풀이\22_05\05_19">
      <UniqueIdentifier>{f96a799c-e9bc-4cb8-be44-2da359c462bb}</UniqueIdentifier>
    </Filter>
    <Filter Include="알고리즘 문제풀이\22_05\05_23">
      <UniqueIdentifier>{28b1dc11-f3a3-42c0-8570-9f47052a40e3}</UniqueIdentifier>
    </Filter>
    <Filter Include="알고리즘 문제풀이\22_05\05_24">
      <UniqueIdentifier>{c628f1ae-805f-4433-89e5-e21c24dcd2fb}</UniqueIdentifier>
    </Filter>
    <Filter Include="알고리즘 문제풀이\22_05\05_25">
      <UniqueIdentifier>{26f41e0f-bfa5-4012-a01f-a908f088ceef}</UniqueIdentifier>
    </Filter>
    <Filter Include="알고리즘 문제풀이\22_05\05_26">
      <UniqueIdentifier>{bc542120-a8f7-4ad8-a9ed-4b3da963ca2c}</UniqueIdentifier>
    </Filter>
    <Filter Include="알고리즘 문제풀이\22_05\05_27">
      <UniqueIdentifier>{6e4bf796-6977-4cf7-9942-8d771e5a5327}</UniqueIdentifier>
    </Filter>
    <Filter Include="알고리즘 문제풀이\22_05\05_28">
      <UniqueIdentifier>{3e0680d1-fa7e-4c40-b692-2b8f34280f18}</UniqueIdentifier>
    </Filter>
    <Filter Include="알고리즘 문제풀이\22_06">
      <UniqueIdentifier>{13dfc831-6501-4818-8136-68aef023544b}</UniqueIdentifier>
    </Filter>
    <Filter Include="알고리즘 문제풀이\22_06\06_01">
      <UniqueIdentifier>{14ab8587-2f6b-4605-a250-22e9637cfae3}</UniqueIdentifier>
    </Filter>
    <Filter Include="알고리즘 문제풀이\22_06\06_05">
      <UniqueIdentifier>{dc8d61ea-b3c3-4dc2-b1c6-403fe2203e2a}</UniqueIdentifier>
    </Filter>
    <Filter Include="알고리즘 문제풀이\22_06\06_10">
      <UniqueIdentifier>{9be060ee-a5b9-4190-b8b0-2addfc9d50e2}</UniqueIdentifier>
    </Filter>
    <Filter Include="알고리즘 문제풀이\22_06\06_11">
      <UniqueIdentifier>{ea8f5c4d-ada6-4479-b301-098ba522ab6d}</UniqueIdentifier>
    </Filter>
    <Filter Include="알고리즘 문제풀이\22_06\06_12">
      <UniqueIdentifier>{75cf0de4-4239-48ee-a17a-eb8e6f43d341}</UniqueIdentifier>
    </Filter>
    <Filter Include="알고리즘 문제풀이\22_06\06_14">
      <UniqueIdentifier>{d80b8a88-243a-4df9-97a9-66f19369a018}</UniqueIdentifier>
    </Filter>
    <Filter Include="알고리즘 문제풀이\22_06\06_25">
      <UniqueIdentifier>{ed259184-8789-430e-b6ed-1d30f991fd79}</UniqueIdentifier>
    </Filter>
    <Filter Include="알고리즘 문제풀이\22_08">
      <UniqueIdentifier>{baf572a0-5669-4a91-a444-66ffd031c491}</UniqueIdentifier>
    </Filter>
    <Filter Include="알고리즘 문제풀이\22_08\08_19">
      <UniqueIdentifier>{486361e6-f260-43ef-b5d6-4db68b9e28ba}</UniqueIdentifier>
    </Filter>
    <Filter Include="10주완성 C++ 코딩테스트 인프런 강의">
      <UniqueIdentifier>{80bc3d33-bc2d-457c-ab1b-ba9ebfd4edd8}</UniqueIdentifier>
    </Filter>
    <Filter Include="10주완성 C++ 코딩테스트 인프런 강의\1주차">
      <UniqueIdentifier>{7ce14685-5a2a-421c-97dd-07b8813c5e32}</UniqueIdentifier>
    </Filter>
    <Filter Include="10주완성 C++ 코딩테스트 인프런 강의\0주차">
      <UniqueIdentifier>{649df867-6b2c-4a85-ad1f-b45cdd4e258f}</UniqueIdentifier>
    </Filter>
    <Filter Include="10주완성 C++ 코딩테스트 인프런 강의\알고리즘교안">
      <UniqueIdentifier>{649a7803-7780-4477-8eb4-e280d1347574}</UniqueIdentifier>
    </Filter>
    <Filter Include="10주완성 C++ 코딩테스트 인프런 강의\1주차\1주차 복습">
      <UniqueIdentifier>{5e95b089-3251-4e5f-acf5-b6fae1e6cbb4}</UniqueIdentifier>
    </Filter>
    <Filter Include="10주완성 C++ 코딩테스트 인프런 강의\2주차">
      <UniqueIdentifier>{512f439d-931a-4f71-bebf-099a481c31f4}</UniqueIdentifier>
    </Filter>
    <Filter Include="10주완성 C++ 코딩테스트 인프런 강의\1주차\1주차 복습\1-J">
      <UniqueIdentifier>{103238c5-4656-421d-a7ec-d8b0723503b0}</UniqueIdentifier>
    </Filter>
    <Filter Include="10주완성 C++ 코딩테스트 인프런 강의\1주차\1주차 복습\1-M">
      <UniqueIdentifier>{0f5262f1-d735-44dc-ab53-1944692871e4}</UniqueIdentifier>
    </Filter>
    <Filter Include="10주완성 C++ 코딩테스트 인프런 강의\1주차\1주차 복습\1-N">
      <UniqueIdentifier>{459b3814-307f-4a9f-b7dd-15806433e7a4}</UniqueIdentifier>
    </Filter>
    <Filter Include="10주완성 C++ 코딩테스트 인프런 강의\1주차\1주차 복습\1-O">
      <UniqueIdentifier>{53555803-dfe5-441f-8c60-edf8fe040136}</UniqueIdentifier>
    </Filter>
    <Filter Include="알고리즘 문제풀이\22_08\08_28">
      <UniqueIdentifier>{bdd117f2-c8fc-4b87-8372-e4b06f487d1c}</UniqueIdentifier>
    </Filter>
    <Filter Include="10주완성 C++ 코딩테스트 인프런 강의\2주차\2주차 복습">
      <UniqueIdentifier>{37ec07fd-311c-47f2-bce4-3f507e966e17}</UniqueIdentifier>
    </Filter>
    <Filter Include="10주완성 C++ 코딩테스트 인프런 강의\2주차\2주차 복습\2-E">
      <UniqueIdentifier>{89873419-46dc-4a9a-80b0-b94dd4ea72be}</UniqueIdentifier>
    </Filter>
    <Filter Include="10주완성 C++ 코딩테스트 인프런 강의\2주차\2주차 복습\2-F">
      <UniqueIdentifier>{ece1bdd4-01da-4d65-a746-91af82bebef1}</UniqueIdentifier>
    </Filter>
    <Filter Include="10주완성 C++ 코딩테스트 인프런 강의\2주차\2주차 복습\2-K">
      <UniqueIdentifier>{b4085bcb-7bb9-40c8-8599-3330eea0c91c}</UniqueIdentifier>
    </Filter>
    <Filter Include="10주완성 C++ 코딩테스트 인프런 강의\2주차\2주차 복습\2-L">
      <UniqueIdentifier>{8b05fd5e-9d61-442e-bb3b-64e40caca622}</UniqueIdentifier>
    </Filter>
    <Filter Include="10주완성 C++ 코딩테스트 인프런 강의\2주차\2주차 복습\2-Q">
      <UniqueIdentifier>{b01e3701-5f74-4a90-b266-17c02b5546d6}</UniqueIdentifier>
    </Filter>
    <Filter Include="10주완성 C++ 코딩테스트 인프런 강의\2주차\2주차 복습\2-R">
      <UniqueIdentifier>{29f8825b-9908-4e40-a7fe-c7a3b50a0d2e}</UniqueIdentifier>
    </Filter>
    <Filter Include="10주완성 C++ 코딩테스트 인프런 강의\2주차\2주차 복습\2-S">
      <UniqueIdentifier>{66d8e04e-abb0-4bbd-9265-73bd6a21d5b0}</UniqueIdentifier>
    </Filter>
    <Filter Include="10주완성 C++ 코딩테스트 인프런 강의\3주차">
      <UniqueIdentifier>{c5d7b717-225a-45a8-85fd-e25ba2f8bc99}</UniqueIdentifier>
    </Filter>
    <Filter Include="10주완성 C++ 코딩테스트 인프런 강의\3주차\3주차 복습">
      <UniqueIdentifier>{d20a901e-8253-47ea-b014-3470b51157f3}</UniqueIdentifier>
    </Filter>
    <Filter Include="10주완성 C++ 코딩테스트 인프런 강의\3주차\3주차 복습\3-D">
      <UniqueIdentifier>{0c2c1d58-1906-4bf3-aa83-b7c5574ec782}</UniqueIdentifier>
    </Filter>
    <Filter Include="10주완성 C++ 코딩테스트 인프런 강의\3주차\3주차 복습\3-E">
      <UniqueIdentifier>{fa42f326-10c0-4fd5-a4ff-e5790e426dba}</UniqueIdentifier>
    </Filter>
    <Filter Include="10주완성 C++ 코딩테스트 인프런 강의\3주차\3주차 복습\3-F">
      <UniqueIdentifier>{b19bb279-0b7c-421a-bd39-e8d70ac5d6da}</UniqueIdentifier>
    </Filter>
    <Filter Include="10주완성 C++ 코딩테스트 인프런 강의\3주차\3주차 복습\3-H">
      <UniqueIdentifier>{8848d8ed-75b0-49d8-8b0e-452df30dd109}</UniqueIdentifier>
    </Filter>
    <Filter Include="10주완성 C++ 코딩테스트 인프런 강의\3주차\3주차 복습\3-I">
      <UniqueIdentifier>{c18fbc13-fe98-4685-baa3-ecdcfc7e842d}</UniqueIdentifier>
    </Filter>
    <Filter Include="10주완성 C++ 코딩테스트 인프런 강의\3주차\3주차 복습\3-K">
      <UniqueIdentifier>{24a31ef5-60a9-4a77-ba8b-5d7cdd5b1bfc}</UniqueIdentifier>
    </Filter>
    <Filter Include="10주완성 C++ 코딩테스트 인프런 강의\3주차\3주차 복습\3-O">
      <UniqueIdentifier>{f45d38f4-c6e2-4178-9770-a5b5f9634258}</UniqueIdentifier>
    </Filter>
    <Filter Include="10주완성 C++ 코딩테스트 인프런 강의\7주차">
      <UniqueIdentifier>{c7255027-fe27-461e-9ea5-20225af89500}</UniqueIdentifier>
    </Filter>
    <Filter Include="10주완성 C++ 코딩테스트 인프런 강의\7주차\7주차 복습">
      <UniqueIdentifier>{1c837f66-0fb6-4bd7-98ca-2afbf8dfedf2}</UniqueIdentifier>
    </Filter>
    <Filter Include="10주완성 C++ 코딩테스트 인프런 강의\7주차\7주차 복습\7-B">
      <UniqueIdentifier>{ce5fc1f0-3cc2-459e-9af2-a6282577151c}</UniqueIdentifier>
    </Filter>
    <Filter Include="10주완성 C++ 코딩테스트 인프런 강의\7주차\7주차 복습\7-C">
      <UniqueIdentifier>{3074695f-7ae4-4280-bd9c-56f22fbca5fc}</UniqueIdentifier>
    </Filter>
    <Filter Include="10주완성 C++ 코딩테스트 인프런 강의\7주차\7주차 복습\7-D">
      <UniqueIdentifier>{8b3bc755-8190-4e78-a31f-e5e5d42d13a1}</UniqueIdentifier>
    </Filter>
    <Filter Include="10주완성 C++ 코딩테스트 인프런 강의\7주차\7주차 복습\7-F">
      <UniqueIdentifier>{ce54b69f-c0b3-4856-ad3c-2d2c27459877}</UniqueIdentifier>
    </Filter>
    <Filter Include="10주완성 C++ 코딩테스트 인프런 강의\7주차\7주차 복습\7-G">
      <UniqueIdentifier>{7e7c81b8-8303-4104-93df-8c816891976b}</UniqueIdentifier>
    </Filter>
    <Filter Include="10주완성 C++ 코딩테스트 인프런 강의\7주차\7주차 복습\7-H">
      <UniqueIdentifier>{86237397-a8cb-472d-a8c2-956186e7f99c}</UniqueIdentifier>
    </Filter>
    <Filter Include="10주완성 C++ 코딩테스트 인프런 강의\7주차\7주차 복습\7-I">
      <UniqueIdentifier>{bf6ca90c-9f01-43a6-af05-77caa05ddc45}</UniqueIdentifier>
    </Filter>
    <Filter Include="10주완성 C++ 코딩테스트 인프런 강의\7주차\7주차 복습\7-J">
      <UniqueIdentifier>{5a73f100-c68f-4576-87eb-88c89dda9ff5}</UniqueIdentifier>
    </Filter>
    <Filter Include="10주완성 C++ 코딩테스트 인프런 강의\7주차\7주차 복습\7-K">
      <UniqueIdentifier>{ba1b46ab-1c27-45eb-bd89-55c8e3bfffa6}</UniqueIdentifier>
    </Filter>
    <Filter Include="10주완성 C++ 코딩테스트 인프런 강의\7주차\7주차 복습\7-N">
      <UniqueIdentifier>{6212bdf2-a2ab-4f69-a875-7ca1f0734a46}</UniqueIdentifier>
    </Filter>
    <Filter Include="10주완성 C++ 코딩테스트 인프런 강의\7주차\7주차 복습\7-P">
      <UniqueIdentifier>{12af1fc2-35a5-4d34-92cb-6339a818e807}</UniqueIdentifier>
    </Filter>
    <Filter Include="10주완성 C++ 코딩테스트 인프런 강의\7주차\7주차 복습\7-Q">
      <UniqueIdentifier>{023c9e7e-63a9-4fca-bddd-0d3f09f2f44b}</UniqueIdentifier>
    </Filter>
    <Filter Include="10주완성 C++ 코딩테스트 인프런 강의\7주차\7주차 복습\7-S">
      <UniqueIdentifier>{36fb8f86-c49c-4ad0-bc8c-b1f6db43ba1f}</UniqueIdentifier>
    </Filter>
  </ItemGroup>
  <ItemGroup>
    <ClCompile Include="1008.cpp">
      <Filter>알고리즘 문제풀이\21_09\09_09</Filter>
    </ClCompile>
    <ClCompile Include="10869.cpp">
      <Filter>알고리즘 문제풀이\21_09\09_11</Filter>
    </ClCompile>
    <ClCompile Include="10430.cpp">
      <Filter>알고리즘 문제풀이\21_09\09_11</Filter>
    </ClCompile>
    <ClCompile Include="2588.cpp">
      <Filter>알고리즘 문제풀이\21_09\09_11</Filter>
    </ClCompile>
    <ClCompile Include="1330.cpp">
      <Filter>알고리즘 문제풀이\21_09\09_12</Filter>
    </ClCompile>
    <ClCompile Include="9498.cpp">
      <Filter>알고리즘 문제풀이\21_09\09_12</Filter>
    </ClCompile>
    <ClCompile Include="2753.cpp">
      <Filter>알고리즘 문제풀이\21_09\09_12</Filter>
    </ClCompile>
    <ClCompile Include="14681.cpp">
      <Filter>알고리즘 문제풀이\21_09\09_13</Filter>
    </ClCompile>
    <ClCompile Include="2884.cpp">
      <Filter>알고리즘 문제풀이\21_09\09_13</Filter>
    </ClCompile>
    <ClCompile Include="2739.cpp">
      <Filter>알고리즘 문제풀이\21_09\09_14</Filter>
    </ClCompile>
    <ClCompile Include="10950.cpp">
      <Filter>알고리즘 문제풀이\21_09\09_14</Filter>
    </ClCompile>
    <ClCompile Include="8393.cpp">
      <Filter>알고리즘 문제풀이\21_09\09_14</Filter>
    </ClCompile>
    <ClCompile Include="15552.cpp">
      <Filter>알고리즘 문제풀이\21_09\09_14</Filter>
    </ClCompile>
    <ClCompile Include="2741.cpp">
      <Filter>알고리즘 문제풀이\21_09\09_15</Filter>
    </ClCompile>
    <ClCompile Include="2742.cpp">
      <Filter>알고리즘 문제풀이\21_09\09_15</Filter>
    </ClCompile>
    <ClCompile Include="11021.cpp">
      <Filter>알고리즘 문제풀이\21_09\09_15</Filter>
    </ClCompile>
    <ClCompile Include="11022.cpp">
      <Filter>알고리즘 문제풀이\21_09\09_15</Filter>
    </ClCompile>
    <ClCompile Include="2438.cpp">
      <Filter>알고리즘 문제풀이\21_09\09_16</Filter>
    </ClCompile>
    <ClCompile Include="2439.cpp">
      <Filter>알고리즘 문제풀이\21_09\09_16</Filter>
    </ClCompile>
    <ClCompile Include="10871.cpp">
      <Filter>알고리즘 문제풀이\21_09\09_16</Filter>
    </ClCompile>
    <ClCompile Include="10952.cpp">
      <Filter>알고리즘 문제풀이\21_09\09_18</Filter>
    </ClCompile>
    <ClCompile Include="10951.cpp">
      <Filter>알고리즘 문제풀이\21_09\09_19</Filter>
    </ClCompile>
    <ClCompile Include="1110.cpp">
      <Filter>알고리즘 문제풀이\21_09\09_19</Filter>
    </ClCompile>
    <ClCompile Include="10818.cpp">
      <Filter>알고리즘 문제풀이\21_09\09_20</Filter>
    </ClCompile>
    <ClCompile Include="2562.cpp">
      <Filter>알고리즘 문제풀이\21_09\09_20</Filter>
    </ClCompile>
    <ClCompile Include="11654.cpp">
      <Filter>알고리즘 문제풀이\21_09\09_21</Filter>
    </ClCompile>
    <ClCompile Include="2577.cpp">
      <Filter>알고리즘 문제풀이\21_09\09_23</Filter>
    </ClCompile>
    <ClCompile Include="1546.cpp">
      <Filter>알고리즘 문제풀이\21_09\09_23</Filter>
    </ClCompile>
    <ClCompile Include="8958.cpp">
      <Filter>알고리즘 문제풀이\21_09\09_24</Filter>
    </ClCompile>
    <ClCompile Include="4344.cpp">
      <Filter>알고리즘 문제풀이\21_09\09_25</Filter>
    </ClCompile>
    <ClCompile Include="15596.cpp">
      <Filter>알고리즘 문제풀이\21_09\09_26</Filter>
    </ClCompile>
    <ClCompile Include="4673.cpp">
      <Filter>알고리즘 문제풀이\21_09\09_27</Filter>
    </ClCompile>
    <ClCompile Include="1065.cpp">
      <Filter>알고리즘 문제풀이\21_09\09_28</Filter>
    </ClCompile>
    <ClCompile Include="11720.cpp">
      <Filter>알고리즘 문제풀이\21_09\09_29</Filter>
    </ClCompile>
    <ClCompile Include="10809.cpp">
      <Filter>알고리즘 문제풀이\21_09\09_30</Filter>
    </ClCompile>
    <ClCompile Include="2675.cpp">
      <Filter>알고리즘 문제풀이\21_10\10_01</Filter>
    </ClCompile>
    <ClCompile Include="1157.cpp">
      <Filter>알고리즘 문제풀이\21_10\10_02</Filter>
    </ClCompile>
    <ClCompile Include="1152.cpp">
      <Filter>알고리즘 문제풀이\21_10\10_03</Filter>
    </ClCompile>
    <ClCompile Include="2908.cpp">
      <Filter>알고리즘 문제풀이\21_10\10_04</Filter>
    </ClCompile>
    <ClCompile Include="5622.cpp">
      <Filter>알고리즘 문제풀이\21_10\10_05</Filter>
    </ClCompile>
    <ClCompile Include="main.cpp">
      <Filter>알고리즘 문제풀이</Filter>
    </ClCompile>
    <ClCompile Include="2941.cpp">
      <Filter>알고리즘 문제풀이\21_10\10_06</Filter>
    </ClCompile>
    <ClCompile Include="1316.cpp">
      <Filter>알고리즘 문제풀이\21_10\10_07</Filter>
    </ClCompile>
    <ClCompile Include="1712.cpp">
      <Filter>알고리즘 문제풀이\21_10\10_08</Filter>
    </ClCompile>
    <ClCompile Include="2292.cpp">
      <Filter>알고리즘 문제풀이\21_10\10_09</Filter>
    </ClCompile>
    <ClCompile Include="1193.cpp">
      <Filter>알고리즘 문제풀이\21_10\10_10</Filter>
    </ClCompile>
    <ClCompile Include="2869.cpp">
      <Filter>알고리즘 문제풀이\21_10\10_11</Filter>
    </ClCompile>
    <ClCompile Include="5086.cpp">
      <Filter>알고리즘 문제풀이\21_10\10_12</Filter>
    </ClCompile>
    <ClCompile Include="10250.cpp">
      <Filter>알고리즘 문제풀이\21_10\10_13</Filter>
    </ClCompile>
    <ClCompile Include="2775.cpp">
      <Filter>알고리즘 문제풀이\21_10\10_14</Filter>
    </ClCompile>
    <ClCompile Include="10757.cpp">
      <Filter>알고리즘 문제풀이\21_10\10_15</Filter>
    </ClCompile>
    <ClCompile Include="1978.cpp">
      <Filter>알고리즘 문제풀이\21_10\10_16</Filter>
    </ClCompile>
    <ClCompile Include="2581.cpp">
      <Filter>알고리즘 문제풀이\21_10\10_17</Filter>
    </ClCompile>
    <ClCompile Include="2839.cpp">
      <Filter>알고리즘 문제풀이\21_10\10_18</Filter>
    </ClCompile>
    <ClCompile Include="11653.cpp">
      <Filter>알고리즘 문제풀이\21_10\10_19</Filter>
    </ClCompile>
    <ClCompile Include="1929.cpp">
      <Filter>알고리즘 문제풀이\21_10\10_20</Filter>
    </ClCompile>
    <ClCompile Include="4948.cpp">
      <Filter>알고리즘 문제풀이\21_10\10_21</Filter>
    </ClCompile>
    <ClCompile Include="11047.cpp">
      <Filter>알고리즘 문제풀이\21_10\10_23</Filter>
    </ClCompile>
    <ClCompile Include="11050.cpp">
      <Filter>알고리즘 문제풀이\21_10\10_22</Filter>
    </ClCompile>
    <ClCompile Include="1085.cpp">
      <Filter>알고리즘 문제풀이\21_10\10_24</Filter>
    </ClCompile>
    <ClCompile Include="3009.cpp">
      <Filter>알고리즘 문제풀이\21_10\10_25</Filter>
    </ClCompile>
    <ClCompile Include="4153.cpp">
      <Filter>알고리즘 문제풀이\21_10\10_26</Filter>
    </ClCompile>
    <ClCompile Include="3053.cpp">
      <Filter>알고리즘 문제풀이\21_10\10_27</Filter>
    </ClCompile>
    <ClCompile Include="10872.cpp">
      <Filter>알고리즘 문제풀이\21_10\10_28</Filter>
    </ClCompile>
    <ClCompile Include="1002.cpp">
      <Filter>알고리즘 문제풀이\21_10\10_29</Filter>
    </ClCompile>
    <ClCompile Include="10817.cpp">
      <Filter>알고리즘 문제풀이\21_10\10_30</Filter>
    </ClCompile>
    <ClCompile Include="2750.cpp">
      <Filter>알고리즘 문제풀이\21_10\10_31</Filter>
    </ClCompile>
    <ClCompile Include="7568.cpp">
      <Filter>알고리즘 문제풀이\21_11\11_01</Filter>
    </ClCompile>
    <ClCompile Include="2558.cpp">
      <Filter>알고리즘 문제풀이\21_11\11_02</Filter>
    </ClCompile>
    <ClCompile Include="7287.cpp">
      <Filter>알고리즘 문제풀이\21_11\11_03</Filter>
    </ClCompile>
    <ClCompile Include="2798.cpp">
      <Filter>알고리즘 문제풀이\21_11\11_04</Filter>
    </ClCompile>
    <ClCompile Include="2231.cpp">
      <Filter>알고리즘 문제풀이\21_11\11_05</Filter>
    </ClCompile>
    <ClCompile Include="11399.cpp">
      <Filter>알고리즘 문제풀이\21_11\11_06</Filter>
    </ClCompile>
    <ClCompile Include="2440.cpp">
      <Filter>알고리즘 문제풀이\21_11\11_07</Filter>
    </ClCompile>
    <ClCompile Include="1427.cpp">
      <Filter>알고리즘 문제풀이\21_11\11_08</Filter>
    </ClCompile>
    <ClCompile Include="2441.cpp">
      <Filter>알고리즘 문제풀이\21_11\11_10</Filter>
    </ClCompile>
    <ClCompile Include="1463.cpp">
      <Filter>알고리즘 문제풀이\21_11\11_11</Filter>
    </ClCompile>
    <ClCompile Include="10039.cpp">
      <Filter>알고리즘 문제풀이\미해결문제</Filter>
    </ClCompile>
    <ClCompile Include="1436.cpp">
      <Filter>알고리즘 문제풀이\21_11\11_12</Filter>
    </ClCompile>
    <ClCompile Include="1924.cpp">
      <Filter>알고리즘 문제풀이\21_11\11_13</Filter>
    </ClCompile>
    <ClCompile Include="1100.cpp">
      <Filter>알고리즘 문제풀이\21_11\11_14</Filter>
    </ClCompile>
    <ClCompile Include="10828.cpp">
      <Filter>알고리즘 문제풀이\21_11\11_15</Filter>
    </ClCompile>
    <ClCompile Include="10926.cpp">
      <Filter>알고리즘 문제풀이\21_11\11_16</Filter>
    </ClCompile>
    <ClCompile Include="2163.cpp">
      <Filter>알고리즘 문제풀이\21_11\11_17</Filter>
    </ClCompile>
    <ClCompile Include="2475.cpp">
      <Filter>알고리즘 문제풀이\21_11\11_18</Filter>
    </ClCompile>
    <ClCompile Include="5543.cpp">
      <Filter>알고리즘 문제풀이\21_11\11_19</Filter>
    </ClCompile>
    <ClCompile Include="3046.cpp">
      <Filter>알고리즘 문제풀이\21_11\11_20</Filter>
    </ClCompile>
    <ClCompile Include="5338.cpp">
      <Filter>알고리즘 문제풀이\21_11\11_21</Filter>
    </ClCompile>
    <ClCompile Include="2455.cpp">
      <Filter>알고리즘 문제풀이\21_11\11_22</Filter>
    </ClCompile>
    <ClCompile Include="2920.cpp">
      <Filter>알고리즘 문제풀이\21_11\11_23</Filter>
    </ClCompile>
    <ClCompile Include="1011.cpp">
      <Filter>알고리즘 문제풀이\22_01\01_05</Filter>
    </ClCompile>
    <ClCompile Include="9020.cpp">
      <Filter>알고리즘 문제풀이\22_01\01_06</Filter>
    </ClCompile>
    <ClCompile Include="10870.cpp">
      <Filter>알고리즘 문제풀이\22_01\01_07</Filter>
    </ClCompile>
    <ClCompile Include="11650.cpp">
      <Filter>알고리즘 문제풀이\22_01\01_08</Filter>
    </ClCompile>
    <ClCompile Include="11651.cpp">
      <Filter>알고리즘 문제풀이\22_01\01_09</Filter>
    </ClCompile>
    <ClCompile Include="1018.cpp">
      <Filter>알고리즘 문제풀이\22_01\01_10</Filter>
    </ClCompile>
    <ClCompile Include="10989.cpp">
      <Filter>알고리즘 문제풀이\22_01\01_11</Filter>
    </ClCompile>
    <ClCompile Include="2447.cpp">
      <Filter>알고리즘 문제풀이\22_01\01_15</Filter>
    </ClCompile>
    <ClCompile Include="11729.cpp">
      <Filter>알고리즘 문제풀이\미해결문제</Filter>
    </ClCompile>
    <ClCompile Include="2108.cpp">
      <Filter>알고리즘 문제풀이\22_01\01_16</Filter>
    </ClCompile>
    <ClCompile Include="1181.cpp">
      <Filter>알고리즘 문제풀이\22_01\01_18</Filter>
    </ClCompile>
    <ClCompile Include="10814.cpp">
      <Filter>알고리즘 문제풀이\22_01\01_30</Filter>
    </ClCompile>
    <ClCompile Include="18108.cpp">
      <Filter>알고리즘 문제풀이\22_02\02_16</Filter>
    </ClCompile>
    <ClCompile Include="2525.cpp">
      <Filter>알고리즘 문제풀이\22_02\02_17</Filter>
    </ClCompile>
    <ClCompile Include="2480.cpp">
      <Filter>알고리즘 문제풀이\22_03\03_02</Filter>
    </ClCompile>
    <ClCompile Include="15649.cpp">
      <Filter>알고리즘 문제풀이\22_03\03_11</Filter>
    </ClCompile>
    <ClCompile Include="15650.cpp">
      <Filter>알고리즘 문제풀이\22_03\03_12</Filter>
    </ClCompile>
    <ClCompile Include="15651.cpp">
      <Filter>알고리즘 문제풀이\22_03\03_13</Filter>
    </ClCompile>
    <ClCompile Include="15652.cpp">
      <Filter>알고리즘 문제풀이\22_03\03_15</Filter>
    </ClCompile>
    <ClCompile Include="1010.cpp">
      <Filter>알고리즘 문제풀이\22_03\03_16</Filter>
    </ClCompile>
    <ClCompile Include="10773.cpp">
      <Filter>알고리즘 문제풀이\22_03\03_18</Filter>
    </ClCompile>
    <ClCompile Include="9012.cpp">
      <Filter>알고리즘 문제풀이\22_03\03_19</Filter>
    </ClCompile>
    <ClCompile Include="4949.cpp">
      <Filter>알고리즘 문제풀이\22_03\03_21</Filter>
    </ClCompile>
    <ClCompile Include="1874.cpp">
      <Filter>알고리즘 문제풀이\22_03\03_26</Filter>
    </ClCompile>
    <ClCompile Include="17298.cpp">
      <Filter>알고리즘 문제풀이\22_03\03_27</Filter>
    </ClCompile>
    <ClCompile Include="1037.cpp">
      <Filter>알고리즘 문제풀이\22_03\03_29</Filter>
    </ClCompile>
    <ClCompile Include="1009.cpp">
      <Filter>알고리즘 문제풀이\22_03\03_31</Filter>
    </ClCompile>
    <ClCompile Include="1009_2.cpp">
      <Filter>알고리즘 문제풀이\22_03\03_31</Filter>
    </ClCompile>
    <ClCompile Include="2164.cpp">
      <Filter>알고리즘 문제풀이\22_04\04_03</Filter>
    </ClCompile>
    <ClCompile Include="11866.cpp">
      <Filter>알고리즘 문제풀이\22_04\04_03</Filter>
    </ClCompile>
    <ClCompile Include="18258.cpp">
      <Filter>알고리즘 문제풀이\22_04\04_03</Filter>
    </ClCompile>
    <ClCompile Include="1966.cpp">
      <Filter>알고리즘 문제풀이\22_04\04_04</Filter>
    </ClCompile>
    <ClCompile Include="10866.cpp">
      <Filter>알고리즘 문제풀이\22_04\04_04</Filter>
    </ClCompile>
    <ClCompile Include="1021.cpp">
      <Filter>알고리즘 문제풀이\22_04\04_05</Filter>
    </ClCompile>
    <ClCompile Include="5430.cpp">
      <Filter>알고리즘 문제풀이\22_04\04_06</Filter>
    </ClCompile>
    <ClCompile Include="14889.cpp">
      <Filter>알고리즘 문제풀이\22_04\04_07</Filter>
    </ClCompile>
    <ClCompile Include="2501.cpp">
      <Filter>알고리즘 문제풀이\22_04\04_11</Filter>
    </ClCompile>
    <ClCompile Include="3460.cpp">
      <Filter>알고리즘 문제풀이\22_04\04_11</Filter>
    </ClCompile>
    <ClCompile Include="2460.cpp">
      <Filter>알고리즘 문제풀이\22_04\04_11</Filter>
    </ClCompile>
    <ClCompile Include="10870_2.cpp">
      <Filter>알고리즘 문제풀이\22_04\04_12</Filter>
    </ClCompile>
    <ClCompile Include="2309.cpp">
      <Filter>알고리즘 문제풀이\22_04\04_13</Filter>
    </ClCompile>
    <ClCompile Include="2609.cpp">
      <Filter>알고리즘 문제풀이\22_04\04_14</Filter>
    </ClCompile>
    <ClCompile Include="2693.cpp">
      <Filter>알고리즘 문제풀이\22_04\04_18</Filter>
    </ClCompile>
    <ClCompile Include="1978_2.cpp">
      <Filter>알고리즘 문제풀이\22_04\04_18</Filter>
    </ClCompile>
    <ClCompile Include="1292.cpp">
      <Filter>알고리즘 문제풀이\22_04\04_18</Filter>
    </ClCompile>
    <ClCompile Include="2581_2.cpp">
      <Filter>알고리즘 문제풀이\22_04\04_18</Filter>
    </ClCompile>
    <ClCompile Include="2309_2.cpp">
      <Filter>알고리즘 문제풀이\22_04\04_19</Filter>
    </ClCompile>
    <ClCompile Include="14888.cpp">
      <Filter>알고리즘 문제풀이\22_04\04_19</Filter>
    </ClCompile>
    <ClCompile Include="14888_2.cpp">
      <Filter>알고리즘 문제풀이\22_04\04_19</Filter>
    </ClCompile>
    <ClCompile Include="2504.cpp">
      <Filter>알고리즘 문제풀이\22_04\04_21</Filter>
    </ClCompile>
    <ClCompile Include="14888_3.cpp">
      <Filter>알고리즘 문제풀이\22_04\04_21</Filter>
    </ClCompile>
    <ClCompile Include="14719.cpp">
      <Filter>알고리즘 문제풀이\22_04\04_21</Filter>
    </ClCompile>
    <ClCompile Include="1062.cpp">
      <Filter>알고리즘 문제풀이\22_04\04_23</Filter>
    </ClCompile>
    <ClCompile Include="1806.cpp">
      <Filter>알고리즘 문제풀이\22_04\04_24</Filter>
    </ClCompile>
    <ClCompile Include="1062_2.cpp">
      <Filter>알고리즘 문제풀이\22_04\04_24</Filter>
    </ClCompile>
    <ClCompile Include="2504_2.cpp">
      <Filter>알고리즘 문제풀이\22_04\04_25</Filter>
    </ClCompile>
    <ClCompile Include="14719_2.cpp">
      <Filter>알고리즘 문제풀이\22_04\04_25</Filter>
    </ClCompile>
    <ClCompile Include="1916.cpp">
      <Filter>알고리즘 문제풀이\22_04\04_25</Filter>
    </ClCompile>
    <ClCompile Include="1789.cpp">
      <Filter>알고리즘 문제풀이\22_04\04_25</Filter>
    </ClCompile>
    <ClCompile Include="3085.cpp">
      <Filter>알고리즘 문제풀이\22_04\04_25</Filter>
    </ClCompile>
    <ClCompile Include="2293.cpp">
      <Filter>알고리즘 문제풀이\22_04\04_25</Filter>
    </ClCompile>
    <ClCompile Include="1260.cpp">
      <Filter>알고리즘 문제풀이\22_04\04_26</Filter>
    </ClCompile>
    <ClCompile Include="1303.cpp">
      <Filter>알고리즘 문제풀이\22_04\04_26</Filter>
    </ClCompile>
    <ClCompile Include="1062_3.cpp">
      <Filter>알고리즘 문제풀이\22_04\04_27</Filter>
    </ClCompile>
    <ClCompile Include="1806_2.cpp">
      <Filter>알고리즘 문제풀이\22_04\04_27</Filter>
    </ClCompile>
    <ClCompile Include="1789_2.cpp">
      <Filter>알고리즘 문제풀이\22_04\04_27</Filter>
    </ClCompile>
    <ClCompile Include="2293_2.cpp">
      <Filter>알고리즘 문제풀이\22_04\04_27</Filter>
    </ClCompile>
    <ClCompile Include="2294.cpp">
      <Filter>알고리즘 문제풀이\22_04\04_27</Filter>
    </ClCompile>
    <ClCompile Include="2667.cpp">
      <Filter>알고리즘 문제풀이\22_04\04_27</Filter>
    </ClCompile>
    <ClCompile Include="1038.cpp">
      <Filter>알고리즘 문제풀이\22_04\04_27</Filter>
    </ClCompile>
    <ClCompile Include="17070.cpp">
      <Filter>알고리즘 문제풀이\22_04\04_28</Filter>
    </ClCompile>
    <ClCompile Include="2178.cpp">
      <Filter>알고리즘 문제풀이\22_04\04_28</Filter>
    </ClCompile>
    <ClCompile Include="1743.cpp">
      <Filter>알고리즘 문제풀이\22_04\04_29</Filter>
    </ClCompile>
    <ClCompile Include="2606.cpp">
      <Filter>알고리즘 문제풀이\22_04\04_29</Filter>
    </ClCompile>
    <ClCompile Include="16953.cpp">
      <Filter>알고리즘 문제풀이\22_04\04_29</Filter>
    </ClCompile>
    <ClCompile Include="15486.cpp">
      <Filter>알고리즘 문제풀이\22_04\04_29</Filter>
    </ClCompile>
    <ClCompile Include="1890.cpp">
      <Filter>알고리즘 문제풀이\22_04\04_29</Filter>
    </ClCompile>
    <ClCompile Include="3568.cpp">
      <Filter>알고리즘 문제풀이\22_05\05_04</Filter>
    </ClCompile>
    <ClCompile Include="16506.cpp">
      <Filter>알고리즘 문제풀이\22_05\05_05</Filter>
    </ClCompile>
    <ClCompile Include="2290.cpp">
      <Filter>알고리즘 문제풀이\22_05\05_05</Filter>
    </ClCompile>
    <ClCompile Include="6987.cpp">
      <Filter>알고리즘 문제풀이\22_05\05_07</Filter>
    </ClCompile>
    <ClCompile Include="1158.cpp">
      <Filter>알고리즘 문제풀이\22_05\05_09</Filter>
    </ClCompile>
    <ClCompile Include="9093.cpp">
      <Filter>알고리즘 문제풀이\22_05\05_09</Filter>
    </ClCompile>
    <ClCompile Include="16113.cpp">
      <Filter>알고리즘 문제풀이</Filter>
    </ClCompile>
    <ClCompile Include="1697.cpp">
      <Filter>알고리즘 문제풀이\22_05\05_12</Filter>
    </ClCompile>
    <ClCompile Include="11279.cpp">
      <Filter>알고리즘 문제풀이\22_05\05_13</Filter>
    </ClCompile>
    <ClCompile Include="8911.cpp">
      <Filter>알고리즘 문제풀이\22_05\05_15</Filter>
    </ClCompile>
    <ClCompile Include="1141.cpp">
      <Filter>알고리즘 문제풀이\22_05\05_16</Filter>
    </ClCompile>
    <ClCompile Include="11559.cpp">
      <Filter>알고리즘 문제풀이\22_05\05_17</Filter>
    </ClCompile>
    <ClCompile Include="13458.cpp">
      <Filter>알고리즘 문제풀이\22_05\05_18</Filter>
    </ClCompile>
    <ClCompile Include="11286.cpp">
      <Filter>알고리즘 문제풀이\22_05\05_19</Filter>
    </ClCompile>
    <ClCompile Include="14889_2.cpp">
      <Filter>알고리즘 문제풀이\22_05\05_23</Filter>
    </ClCompile>
    <ClCompile Include="1463_2.cpp">
      <Filter>알고리즘 문제풀이\22_05\05_24</Filter>
    </ClCompile>
    <ClCompile Include="overloadingTest.cpp">
      <Filter>알고리즘 문제풀이\22_05\05_25</Filter>
    </ClCompile>
    <ClCompile Include="vectorTest.cpp">
      <Filter>알고리즘 문제풀이\22_05\05_26</Filter>
    </ClCompile>
    <ClCompile Include="2293_3.cpp">
      <Filter>알고리즘 문제풀이\22_05\05_27</Filter>
    </ClCompile>
    <ClCompile Include="0528test.cpp">
      <Filter>알고리즘 문제풀이\22_05\05_28</Filter>
    </ClCompile>
    <ClCompile Include="17478.cpp">
      <Filter>알고리즘 문제풀이\22_06\06_01</Filter>
    </ClCompile>
    <ClCompile Include="15989.cpp">
      <Filter>알고리즘 문제풀이\미해결문제</Filter>
    </ClCompile>
    <ClCompile Include="24416.cpp">
      <Filter>알고리즘 문제풀이\22_06\06_05</Filter>
    </ClCompile>
    <ClCompile Include="17202.cpp">
      <Filter>알고리즘 문제풀이\22_06\06_05</Filter>
    </ClCompile>
    <ClCompile Include="9625.cpp">
      <Filter>알고리즘 문제풀이\22_06\06_05</Filter>
    </ClCompile>
    <ClCompile Include="14916.cpp">
      <Filter>알고리즘 문제풀이\22_06\06_10</Filter>
    </ClCompile>
    <ClCompile Include="2491.cpp">
      <Filter>알고리즘 문제풀이\22_06\06_10</Filter>
    </ClCompile>
    <ClCompile Include="13699.cpp">
      <Filter>알고리즘 문제풀이\22_06\06_10</Filter>
    </ClCompile>
    <ClCompile Include="1904.cpp">
      <Filter>알고리즘 문제풀이\22_06\06_11</Filter>
    </ClCompile>
    <ClCompile Include="9461.cpp">
      <Filter>알고리즘 문제풀이\22_06\06_11</Filter>
    </ClCompile>
    <ClCompile Include="2579.cpp">
      <Filter>알고리즘 문제풀이\22_06\06_12</Filter>
    </ClCompile>
    <ClCompile Include="1463_3.cpp">
      <Filter>알고리즘 문제풀이\22_06\06_12</Filter>
    </ClCompile>
    <ClCompile Include="9184.cpp">
      <Filter>알고리즘 문제풀이\22_06\06_14</Filter>
    </ClCompile>
    <ClCompile Include="1912.cpp">
      <Filter>알고리즘 문제풀이\22_06\06_14</Filter>
    </ClCompile>
    <ClCompile Include="25083.cpp">
      <Filter>알고리즘 문제풀이\22_06\06_25</Filter>
    </ClCompile>
    <ClCompile Include="3003.cpp">
      <Filter>알고리즘 문제풀이\22_08\08_19</Filter>
    </ClCompile>
    <ClCompile Include="강의소개와 C++의 기본.cpp">
      <Filter>10주완성 C++ 코딩테스트 인프런 강의\0주차</Filter>
    </ClCompile>
    <ClCompile Include="알고리즘교안.cpp">
      <Filter>10주완성 C++ 코딩테스트 인프런 강의\알고리즘교안</Filter>
    </ClCompile>
    <ClCompile Include="순열1. 개념과 next_permutation.cpp">
      <Filter>10주완성 C++ 코딩테스트 인프런 강의\0주차</Filter>
    </ClCompile>
    <ClCompile Include="알고리즘교안_연습.cpp">
      <Filter>10주완성 C++ 코딩테스트 인프런 강의\알고리즘교안</Filter>
    </ClCompile>
    <ClCompile Include="조합_재귀.cpp">
      <Filter>10주완성 C++ 코딩테스트 인프런 강의\0주차</Filter>
    </ClCompile>
    <ClCompile Include="1주차 개념강의.cpp">
      <Filter>10주완성 C++ 코딩테스트 인프런 강의\1주차</Filter>
    </ClCompile>
    <ClCompile Include="1-A.cpp">
      <Filter>10주완성 C++ 코딩테스트 인프런 강의\1주차</Filter>
    </ClCompile>
    <ClCompile Include="main_template.cpp">
      <Filter>10주완성 C++ 코딩테스트 인프런 강의</Filter>
    </ClCompile>
    <ClCompile Include="1-B.cpp">
      <Filter>10주완성 C++ 코딩테스트 인프런 강의\1주차</Filter>
    </ClCompile>
    <ClCompile Include="1-C.cpp">
      <Filter>10주완성 C++ 코딩테스트 인프런 강의\1주차</Filter>
    </ClCompile>
    <ClCompile Include="1-D.cpp">
      <Filter>10주완성 C++ 코딩테스트 인프런 강의\1주차</Filter>
    </ClCompile>
    <ClCompile Include="1-E.cpp">
      <Filter>10주완성 C++ 코딩테스트 인프런 강의\1주차</Filter>
    </ClCompile>
    <ClCompile Include="1-F.cpp">
      <Filter>10주완성 C++ 코딩테스트 인프런 강의\1주차</Filter>
    </ClCompile>
    <ClCompile Include="1-G.cpp">
      <Filter>10주완성 C++ 코딩테스트 인프런 강의\1주차</Filter>
    </ClCompile>
    <ClCompile Include="1-H.cpp">
      <Filter>10주완성 C++ 코딩테스트 인프런 강의\1주차</Filter>
    </ClCompile>
    <ClCompile Include="1-H-1.cpp">
      <Filter>10주완성 C++ 코딩테스트 인프런 강의\1주차\1주차 복습</Filter>
    </ClCompile>
    <ClCompile Include="1-I.cpp">
      <Filter>10주완성 C++ 코딩테스트 인프런 강의\1주차</Filter>
    </ClCompile>
    <ClCompile Include="1-J.cpp">
      <Filter>10주완성 C++ 코딩테스트 인프런 강의\1주차</Filter>
    </ClCompile>
    <ClCompile Include="1-K.cpp">
      <Filter>10주완성 C++ 코딩테스트 인프런 강의\1주차</Filter>
    </ClCompile>
    <ClCompile Include="1-L.cpp">
      <Filter>10주완성 C++ 코딩테스트 인프런 강의\1주차</Filter>
    </ClCompile>
    <ClCompile Include="1-M.cpp">
      <Filter>10주완성 C++ 코딩테스트 인프런 강의\1주차</Filter>
    </ClCompile>
    <ClCompile Include="1-N.cpp">
      <Filter>10주완성 C++ 코딩테스트 인프런 강의\1주차</Filter>
    </ClCompile>
    <ClCompile Include="1-O.cpp">
      <Filter>10주완성 C++ 코딩테스트 인프런 강의\1주차</Filter>
    </ClCompile>
    <ClCompile Include="2주차 개념강의.cpp">
      <Filter>10주완성 C++ 코딩테스트 인프런 강의\2주차</Filter>
    </ClCompile>
    <ClCompile Include="2-A.cpp">
      <Filter>10주완성 C++ 코딩테스트 인프런 강의\2주차</Filter>
    </ClCompile>
    <ClCompile Include="2-B.cpp">
      <Filter>10주완성 C++ 코딩테스트 인프런 강의\2주차</Filter>
    </ClCompile>
    <ClCompile Include="2-C.cpp">
      <Filter>10주완성 C++ 코딩테스트 인프런 강의\2주차</Filter>
    </ClCompile>
    <ClCompile Include="2-D.cpp">
      <Filter>10주완성 C++ 코딩테스트 인프런 강의\2주차</Filter>
    </ClCompile>
    <ClCompile Include="1-J-1.cpp">
      <Filter>10주완성 C++ 코딩테스트 인프런 강의\1주차\1주차 복습\1-J</Filter>
    </ClCompile>
    <ClCompile Include="1-J-2.cpp">
      <Filter>10주완성 C++ 코딩테스트 인프런 강의\1주차\1주차 복습\1-J</Filter>
    </ClCompile>
    <ClCompile Include="1-J-3.cpp">
      <Filter>10주완성 C++ 코딩테스트 인프런 강의\1주차\1주차 복습\1-J</Filter>
    </ClCompile>
    <ClCompile Include="1-J-4.cpp">
      <Filter>10주완성 C++ 코딩테스트 인프런 강의\1주차\1주차 복습\1-J</Filter>
    </ClCompile>
    <ClCompile Include="1-J-5.cpp">
      <Filter>10주완성 C++ 코딩테스트 인프런 강의\1주차\1주차 복습\1-J</Filter>
    </ClCompile>
    <ClCompile Include="1-M-1.cpp">
      <Filter>10주완성 C++ 코딩테스트 인프런 강의\1주차\1주차 복습\1-M</Filter>
    </ClCompile>
    <ClCompile Include="1-M-2.cpp">
      <Filter>10주완성 C++ 코딩테스트 인프런 강의\1주차\1주차 복습\1-M</Filter>
    </ClCompile>
    <ClCompile Include="1-M-3.cpp">
      <Filter>10주완성 C++ 코딩테스트 인프런 강의\1주차\1주차 복습\1-M</Filter>
    </ClCompile>
    <ClCompile Include="1-M-4.cpp">
      <Filter>10주완성 C++ 코딩테스트 인프런 강의\1주차\1주차 복습\1-M</Filter>
    </ClCompile>
    <ClCompile Include="1-N-1.cpp">
      <Filter>10주완성 C++ 코딩테스트 인프런 강의\1주차\1주차 복습\1-N</Filter>
    </ClCompile>
    <ClCompile Include="1-N-2.cpp">
      <Filter>10주완성 C++ 코딩테스트 인프런 강의\1주차\1주차 복습\1-N</Filter>
    </ClCompile>
    <ClCompile Include="1-N-3.cpp">
      <Filter>10주완성 C++ 코딩테스트 인프런 강의\1주차\1주차 복습\1-N</Filter>
    </ClCompile>
    <ClCompile Include="1-N-4.cpp">
      <Filter>10주완성 C++ 코딩테스트 인프런 강의\1주차\1주차 복습\1-N</Filter>
    </ClCompile>
    <ClCompile Include="1-O-1.cpp">
      <Filter>10주완성 C++ 코딩테스트 인프런 강의\1주차\1주차 복습\1-O</Filter>
    </ClCompile>
    <ClCompile Include="1-O-2.cpp">
      <Filter>10주완성 C++ 코딩테스트 인프런 강의\1주차\1주차 복습\1-O</Filter>
    </ClCompile>
    <ClCompile Include="1-O-3.cpp">
      <Filter>10주완성 C++ 코딩테스트 인프런 강의\1주차\1주차 복습\1-O</Filter>
    </ClCompile>
    <ClCompile Include="1-O-4.cpp">
      <Filter>10주완성 C++ 코딩테스트 인프런 강의\1주차\1주차 복습\1-O</Filter>
    </ClCompile>
    <ClCompile Include="2-E.cpp">
      <Filter>10주완성 C++ 코딩테스트 인프런 강의\2주차</Filter>
    </ClCompile>
    <ClCompile Include="3085_2.cpp">
      <Filter>알고리즘 문제풀이\22_08\08_28</Filter>
    </ClCompile>
    <ClCompile Include="2-E-1.cpp">
      <Filter>10주완성 C++ 코딩테스트 인프런 강의\2주차\2주차 복습\2-E</Filter>
    </ClCompile>
    <ClCompile Include="2-F.cpp">
      <Filter>10주완성 C++ 코딩테스트 인프런 강의\2주차</Filter>
    </ClCompile>
    <ClCompile Include="2-F-1.cpp">
      <Filter>10주완성 C++ 코딩테스트 인프런 강의\2주차\2주차 복습\2-F</Filter>
    </ClCompile>
    <ClCompile Include="2-G.cpp">
      <Filter>10주완성 C++ 코딩테스트 인프런 강의\2주차</Filter>
    </ClCompile>
    <ClCompile Include="2-H.cpp">
      <Filter>10주완성 C++ 코딩테스트 인프런 강의\2주차</Filter>
    </ClCompile>
    <ClCompile Include="1-J-6.cpp">
      <Filter>10주완성 C++ 코딩테스트 인프런 강의\1주차\1주차 복습\1-J</Filter>
    </ClCompile>
    <ClCompile Include="1-M-5.cpp">
      <Filter>10주완성 C++ 코딩테스트 인프런 강의\1주차\1주차 복습\1-M</Filter>
    </ClCompile>
    <ClCompile Include="1-N-5.cpp">
      <Filter>10주완성 C++ 코딩테스트 인프런 강의\1주차\1주차 복습\1-N</Filter>
    </ClCompile>
    <ClCompile Include="1-O-5.cpp">
      <Filter>10주완성 C++ 코딩테스트 인프런 강의\1주차\1주차 복습\1-O</Filter>
    </ClCompile>
    <ClCompile Include="2-E-2.cpp">
      <Filter>10주완성 C++ 코딩테스트 인프런 강의\2주차\2주차 복습\2-E</Filter>
    </ClCompile>
    <ClCompile Include="2-F-2.cpp">
      <Filter>10주완성 C++ 코딩테스트 인프런 강의\2주차\2주차 복습\2-F</Filter>
    </ClCompile>
    <ClCompile Include="2-I.cpp">
      <Filter>10주완성 C++ 코딩테스트 인프런 강의\2주차</Filter>
    </ClCompile>
    <ClCompile Include="2-J.cpp">
      <Filter>10주완성 C++ 코딩테스트 인프런 강의\2주차</Filter>
    </ClCompile>
    <ClCompile Include="2-K.cpp">
      <Filter>10주완성 C++ 코딩테스트 인프런 강의\2주차</Filter>
    </ClCompile>
    <ClCompile Include="2-K-1.cpp">
      <Filter>10주완성 C++ 코딩테스트 인프런 강의\2주차\2주차 복습\2-K</Filter>
    </ClCompile>
    <ClCompile Include="2-L.cpp">
      <Filter>10주완성 C++ 코딩테스트 인프런 강의\2주차</Filter>
    </ClCompile>
    <ClCompile Include="2-L-1.cpp">
      <Filter>10주완성 C++ 코딩테스트 인프런 강의\2주차\2주차 복습\2-L</Filter>
    </ClCompile>
    <ClCompile Include="1-J-7.cpp">
      <Filter>10주완성 C++ 코딩테스트 인프런 강의\1주차\1주차 복습\1-J</Filter>
    </ClCompile>
    <ClCompile Include="1-M-6.cpp">
      <Filter>10주완성 C++ 코딩테스트 인프런 강의\1주차\1주차 복습\1-M</Filter>
    </ClCompile>
    <ClCompile Include="1-N-6.cpp">
      <Filter>10주완성 C++ 코딩테스트 인프런 강의\1주차\1주차 복습\1-N</Filter>
    </ClCompile>
    <ClCompile Include="1-O-6.cpp">
      <Filter>10주완성 C++ 코딩테스트 인프런 강의\1주차\1주차 복습\1-O</Filter>
    </ClCompile>
    <ClCompile Include="2-E-3.cpp">
      <Filter>10주완성 C++ 코딩테스트 인프런 강의\2주차\2주차 복습\2-E</Filter>
    </ClCompile>
    <ClCompile Include="2-F-3.cpp">
      <Filter>10주완성 C++ 코딩테스트 인프런 강의\2주차\2주차 복습\2-F</Filter>
    </ClCompile>
    <ClCompile Include="2-K-2.cpp">
      <Filter>10주완성 C++ 코딩테스트 인프런 강의\2주차\2주차 복습\2-K</Filter>
    </ClCompile>
    <ClCompile Include="2-L-2.cpp">
      <Filter>10주완성 C++ 코딩테스트 인프런 강의\2주차\2주차 복습\2-L</Filter>
    </ClCompile>
    <ClCompile Include="2-M.cpp">
      <Filter>10주완성 C++ 코딩테스트 인프런 강의\2주차</Filter>
    </ClCompile>
    <ClCompile Include="2-N.cpp">
      <Filter>10주완성 C++ 코딩테스트 인프런 강의\2주차</Filter>
    </ClCompile>
    <ClCompile Include="2-O.cpp">
      <Filter>10주완성 C++ 코딩테스트 인프런 강의\2주차</Filter>
    </ClCompile>
    <ClCompile Include="2-P.cpp">
      <Filter>10주완성 C++ 코딩테스트 인프런 강의\2주차</Filter>
    </ClCompile>
    <ClCompile Include="1-M-7.cpp">
      <Filter>10주완성 C++ 코딩테스트 인프런 강의\1주차\1주차 복습\1-M</Filter>
    </ClCompile>
    <ClCompile Include="1-N-7.cpp">
      <Filter>10주완성 C++ 코딩테스트 인프런 강의\1주차\1주차 복습\1-N</Filter>
    </ClCompile>
    <ClCompile Include="1-O-7.cpp">
      <Filter>10주완성 C++ 코딩테스트 인프런 강의\1주차\1주차 복습\1-O</Filter>
    </ClCompile>
    <ClCompile Include="2-E-4.cpp">
      <Filter>10주완성 C++ 코딩테스트 인프런 강의\2주차\2주차 복습\2-E</Filter>
    </ClCompile>
    <ClCompile Include="2-F-4.cpp">
      <Filter>10주완성 C++ 코딩테스트 인프런 강의\2주차\2주차 복습\2-F</Filter>
    </ClCompile>
    <ClCompile Include="2-K-3.cpp">
      <Filter>10주완성 C++ 코딩테스트 인프런 강의\2주차\2주차 복습\2-K</Filter>
    </ClCompile>
    <ClCompile Include="2-L-3.cpp">
      <Filter>10주완성 C++ 코딩테스트 인프런 강의\2주차\2주차 복습\2-L</Filter>
    </ClCompile>
    <ClCompile Include="2-Q.cpp">
      <Filter>10주완성 C++ 코딩테스트 인프런 강의\2주차</Filter>
    </ClCompile>
    <ClCompile Include="2-R.cpp">
      <Filter>10주완성 C++ 코딩테스트 인프런 강의\2주차</Filter>
    </ClCompile>
    <ClCompile Include="2-S.cpp">
      <Filter>10주완성 C++ 코딩테스트 인프런 강의\2주차</Filter>
    </ClCompile>
    <ClCompile Include="2-T.cpp">
      <Filter>10주완성 C++ 코딩테스트 인프런 강의\2주차</Filter>
    </ClCompile>
    <ClCompile Include="2-E-5.cpp">
      <Filter>10주완성 C++ 코딩테스트 인프런 강의\2주차\2주차 복습\2-E</Filter>
    </ClCompile>
    <ClCompile Include="2-F-5.cpp">
      <Filter>10주완성 C++ 코딩테스트 인프런 강의\2주차\2주차 복습\2-F</Filter>
    </ClCompile>
    <ClCompile Include="2-K-4.cpp">
      <Filter>10주완성 C++ 코딩테스트 인프런 강의\2주차\2주차 복습\2-K</Filter>
    </ClCompile>
    <ClCompile Include="2-L-4.cpp">
      <Filter>10주완성 C++ 코딩테스트 인프런 강의\2주차\2주차 복습\2-L</Filter>
    </ClCompile>
    <ClCompile Include="2-Q-1.cpp">
      <Filter>10주완성 C++ 코딩테스트 인프런 강의\2주차\2주차 복습\2-Q</Filter>
    </ClCompile>
    <ClCompile Include="2-R-1.cpp">
      <Filter>10주완성 C++ 코딩테스트 인프런 강의\2주차\2주차 복습\2-R</Filter>
    </ClCompile>
    <ClCompile Include="2-S-1.cpp">
      <Filter>10주완성 C++ 코딩테스트 인프런 강의\2주차\2주차 복습\2-S</Filter>
    </ClCompile>
    <ClCompile Include="3주차 개념강의.cpp">
      <Filter>10주완성 C++ 코딩테스트 인프런 강의\3주차</Filter>
    </ClCompile>
    <ClCompile Include="3-A.cpp">
      <Filter>10주완성 C++ 코딩테스트 인프런 강의\3주차</Filter>
    </ClCompile>
    <ClCompile Include="3-B.cpp">
      <Filter>10주완성 C++ 코딩테스트 인프런 강의\3주차</Filter>
    </ClCompile>
    <ClCompile Include="3-C.cpp">
      <Filter>10주완성 C++ 코딩테스트 인프런 강의\3주차</Filter>
    </ClCompile>
    <ClCompile Include="3-D.cpp">
      <Filter>10주완성 C++ 코딩테스트 인프런 강의\3주차</Filter>
    </ClCompile>
    <ClCompile Include="3-D-1.cpp">
      <Filter>10주완성 C++ 코딩테스트 인프런 강의\3주차\3주차 복습\3-D</Filter>
    </ClCompile>
    <ClCompile Include="2-E-6.cpp">
      <Filter>10주완성 C++ 코딩테스트 인프런 강의\2주차\2주차 복습\2-E</Filter>
    </ClCompile>
    <ClCompile Include="2-F-6.cpp">
      <Filter>10주완성 C++ 코딩테스트 인프런 강의\2주차\2주차 복습\2-F</Filter>
    </ClCompile>
    <ClCompile Include="2-K-5.cpp">
      <Filter>10주완성 C++ 코딩테스트 인프런 강의\2주차\2주차 복습\2-K</Filter>
    </ClCompile>
    <ClCompile Include="2-L-5.cpp">
      <Filter>10주완성 C++ 코딩테스트 인프런 강의\2주차\2주차 복습\2-L</Filter>
    </ClCompile>
    <ClCompile Include="2-Q-2.cpp">
      <Filter>10주완성 C++ 코딩테스트 인프런 강의\2주차\2주차 복습\2-Q</Filter>
    </ClCompile>
    <ClCompile Include="2-R-2.cpp">
      <Filter>10주완성 C++ 코딩테스트 인프런 강의\2주차\2주차 복습\2-R</Filter>
    </ClCompile>
    <ClCompile Include="2-S-2.cpp">
      <Filter>10주완성 C++ 코딩테스트 인프런 강의\2주차\2주차 복습\2-S</Filter>
    </ClCompile>
    <ClCompile Include="3-D-2.cpp">
      <Filter>10주완성 C++ 코딩테스트 인프런 강의\3주차\3주차 복습\3-D</Filter>
    </ClCompile>
    <ClCompile Include="3-E.cpp">
      <Filter>10주완성 C++ 코딩테스트 인프런 강의\3주차</Filter>
    </ClCompile>
    <ClCompile Include="3-E-1.cpp">
      <Filter>10주완성 C++ 코딩테스트 인프런 강의\3주차\3주차 복습\3-E</Filter>
    </ClCompile>
    <ClCompile Include="3-F.cpp">
      <Filter>10주완성 C++ 코딩테스트 인프런 강의\3주차</Filter>
    </ClCompile>
    <ClCompile Include="3-F-1.cpp">
      <Filter>10주완성 C++ 코딩테스트 인프런 강의\3주차\3주차 복습\3-F</Filter>
    </ClCompile>
    <ClCompile Include="3-G.cpp">
      <Filter>10주완성 C++ 코딩테스트 인프런 강의\3주차</Filter>
    </ClCompile>
    <ClCompile Include="3-H.cpp">
      <Filter>10주완성 C++ 코딩테스트 인프런 강의\3주차</Filter>
    </ClCompile>
    <ClCompile Include="3-H-1.cpp">
      <Filter>10주완성 C++ 코딩테스트 인프런 강의\3주차\3주차 복습\3-H</Filter>
    </ClCompile>
    <ClCompile Include="2-E-7.cpp">
      <Filter>10주완성 C++ 코딩테스트 인프런 강의\2주차\2주차 복습\2-E</Filter>
    </ClCompile>
    <ClCompile Include="2-F-7.cpp">
      <Filter>10주완성 C++ 코딩테스트 인프런 강의\2주차\2주차 복습\2-F</Filter>
    </ClCompile>
    <ClCompile Include="2-K-6.cpp">
      <Filter>10주완성 C++ 코딩테스트 인프런 강의\2주차\2주차 복습\2-K</Filter>
    </ClCompile>
    <ClCompile Include="2-L-6.cpp">
      <Filter>10주완성 C++ 코딩테스트 인프런 강의\2주차\2주차 복습\2-L</Filter>
    </ClCompile>
    <ClCompile Include="2-Q-3.cpp">
      <Filter>10주완성 C++ 코딩테스트 인프런 강의\2주차\2주차 복습\2-Q</Filter>
    </ClCompile>
    <ClCompile Include="2-R-3.cpp">
      <Filter>10주완성 C++ 코딩테스트 인프런 강의\2주차\2주차 복습\2-R</Filter>
    </ClCompile>
    <ClCompile Include="2-S-3.cpp">
      <Filter>10주완성 C++ 코딩테스트 인프런 강의\2주차\2주차 복습\2-S</Filter>
    </ClCompile>
    <ClCompile Include="3-D-3.cpp">
      <Filter>10주완성 C++ 코딩테스트 인프런 강의\3주차\3주차 복습\3-D</Filter>
    </ClCompile>
    <ClCompile Include="3-E-2.cpp">
      <Filter>10주완성 C++ 코딩테스트 인프런 강의\3주차\3주차 복습\3-E</Filter>
    </ClCompile>
    <ClCompile Include="3-F-2.cpp">
      <Filter>10주완성 C++ 코딩테스트 인프런 강의\3주차\3주차 복습\3-F</Filter>
    </ClCompile>
    <ClCompile Include="3-H-2.cpp">
      <Filter>10주완성 C++ 코딩테스트 인프런 강의\3주차\3주차 복습\3-H</Filter>
    </ClCompile>
    <ClCompile Include="3-I.cpp">
      <Filter>10주완성 C++ 코딩테스트 인프런 강의\3주차</Filter>
    </ClCompile>
    <ClCompile Include="3-I-1.cpp">
      <Filter>10주완성 C++ 코딩테스트 인프런 강의\3주차\3주차 복습\3-I</Filter>
    </ClCompile>
    <ClCompile Include="3-J.cpp">
      <Filter>10주완성 C++ 코딩테스트 인프런 강의\3주차</Filter>
    </ClCompile>
    <ClCompile Include="3-K.cpp">
      <Filter>10주완성 C++ 코딩테스트 인프런 강의\3주차</Filter>
    </ClCompile>
    <ClCompile Include="3-K-1.cpp">
      <Filter>10주완성 C++ 코딩테스트 인프런 강의\3주차\3주차 복습\3-K</Filter>
    </ClCompile>
    <ClCompile Include="2-K-7.cpp">
      <Filter>10주완성 C++ 코딩테스트 인프런 강의\2주차\2주차 복습\2-K</Filter>
    </ClCompile>
    <ClCompile Include="2-L-7.cpp">
      <Filter>10주완성 C++ 코딩테스트 인프런 강의\2주차\2주차 복습\2-L</Filter>
    </ClCompile>
    <ClCompile Include="2-Q-4.cpp">
      <Filter>10주완성 C++ 코딩테스트 인프런 강의\2주차\2주차 복습\2-Q</Filter>
    </ClCompile>
    <ClCompile Include="2-R-4.cpp">
      <Filter>10주완성 C++ 코딩테스트 인프런 강의\2주차\2주차 복습\2-R</Filter>
    </ClCompile>
    <ClCompile Include="2-S-4.cpp">
      <Filter>10주완성 C++ 코딩테스트 인프런 강의\2주차\2주차 복습\2-S</Filter>
    </ClCompile>
    <ClCompile Include="3-D-4.cpp">
      <Filter>10주완성 C++ 코딩테스트 인프런 강의\3주차\3주차 복습\3-D</Filter>
    </ClCompile>
    <ClCompile Include="3-E-3.cpp">
      <Filter>10주완성 C++ 코딩테스트 인프런 강의\3주차\3주차 복습\3-E</Filter>
    </ClCompile>
    <ClCompile Include="3-F-3.cpp">
      <Filter>10주완성 C++ 코딩테스트 인프런 강의\3주차\3주차 복습\3-F</Filter>
    </ClCompile>
    <ClCompile Include="3-H-3.cpp">
      <Filter>10주완성 C++ 코딩테스트 인프런 강의\3주차\3주차 복습\3-H</Filter>
    </ClCompile>
    <ClCompile Include="3-I-2.cpp">
      <Filter>10주완성 C++ 코딩테스트 인프런 강의\3주차\3주차 복습\3-I</Filter>
    </ClCompile>
    <ClCompile Include="3-K-2.cpp">
      <Filter>10주완성 C++ 코딩테스트 인프런 강의\3주차\3주차 복습\3-K</Filter>
    </ClCompile>
    <ClCompile Include="3-L.cpp">
      <Filter>10주완성 C++ 코딩테스트 인프런 강의\3주차</Filter>
    </ClCompile>
    <ClCompile Include="3-M.cpp">
      <Filter>10주완성 C++ 코딩테스트 인프런 강의\3주차</Filter>
    </ClCompile>
    <ClCompile Include="3-N.cpp">
      <Filter>10주완성 C++ 코딩테스트 인프런 강의\3주차</Filter>
    </ClCompile>
    <ClCompile Include="2-S-5.cpp">
      <Filter>10주완성 C++ 코딩테스트 인프런 강의\2주차\2주차 복습\2-S</Filter>
    </ClCompile>
    <ClCompile Include="3-D-5.cpp">
      <Filter>10주완성 C++ 코딩테스트 인프런 강의\3주차\3주차 복습\3-D</Filter>
    </ClCompile>
    <ClCompile Include="3-E-4.cpp">
      <Filter>10주완성 C++ 코딩테스트 인프런 강의\3주차\3주차 복습\3-E</Filter>
    </ClCompile>
    <ClCompile Include="3-F-4.cpp">
      <Filter>10주완성 C++ 코딩테스트 인프런 강의\3주차\3주차 복습\3-F</Filter>
    </ClCompile>
    <ClCompile Include="3-H-4.cpp">
      <Filter>10주완성 C++ 코딩테스트 인프런 강의\3주차\3주차 복습\3-H</Filter>
    </ClCompile>
    <ClCompile Include="3-I-3.cpp">
      <Filter>10주완성 C++ 코딩테스트 인프런 강의\3주차\3주차 복습\3-I</Filter>
    </ClCompile>
    <ClCompile Include="3-K-3.cpp">
      <Filter>10주완성 C++ 코딩테스트 인프런 강의\3주차\3주차 복습\3-K</Filter>
    </ClCompile>
    <ClCompile Include="3-O.cpp">
      <Filter>10주완성 C++ 코딩테스트 인프런 강의\3주차</Filter>
    </ClCompile>
    <ClCompile Include="3-P.cpp">
      <Filter>10주완성 C++ 코딩테스트 인프런 강의\3주차</Filter>
    </ClCompile>
    <ClCompile Include="3-D-6.cpp">
      <Filter>10주완성 C++ 코딩테스트 인프런 강의\3주차\3주차 복습\3-D</Filter>
    </ClCompile>
    <ClCompile Include="3-E-5.cpp">
      <Filter>10주완성 C++ 코딩테스트 인프런 강의\3주차\3주차 복습\3-E</Filter>
    </ClCompile>
    <ClCompile Include="3-F-5.cpp">
      <Filter>10주완성 C++ 코딩테스트 인프런 강의\3주차\3주차 복습\3-F</Filter>
    </ClCompile>
    <ClCompile Include="3-H-5.cpp">
      <Filter>10주완성 C++ 코딩테스트 인프런 강의\3주차\3주차 복습\3-H</Filter>
    </ClCompile>
    <ClCompile Include="3-I-4.cpp">
      <Filter>10주완성 C++ 코딩테스트 인프런 강의\3주차\3주차 복습\3-I</Filter>
    </ClCompile>
    <ClCompile Include="3-K-4.cpp">
      <Filter>10주완성 C++ 코딩테스트 인프런 강의\3주차\3주차 복습\3-K</Filter>
    </ClCompile>
    <ClCompile Include="3-O-1.cpp">
      <Filter>10주완성 C++ 코딩테스트 인프런 강의\3주차\3주차 복습\3-O</Filter>
    </ClCompile>
    <ClCompile Include="7주차 개념강의.cpp">
      <Filter>10주완성 C++ 코딩테스트 인프런 강의\7주차</Filter>
    </ClCompile>
    <ClCompile Include="7-A.cpp">
      <Filter>10주완성 C++ 코딩테스트 인프런 강의\7주차</Filter>
    </ClCompile>
    <ClCompile Include="7-B.cpp">
      <Filter>10주완성 C++ 코딩테스트 인프런 강의\7주차</Filter>
    </ClCompile>
    <ClCompile Include="7-B-1.cpp">
      <Filter>10주완성 C++ 코딩테스트 인프런 강의\7주차\7주차 복습\7-B</Filter>
    </ClCompile>
    <ClCompile Include="7-C.cpp">
      <Filter>10주완성 C++ 코딩테스트 인프런 강의\7주차</Filter>
    </ClCompile>
    <ClCompile Include="7-C-1.cpp">
      <Filter>10주완성 C++ 코딩테스트 인프런 강의\7주차\7주차 복습\7-C</Filter>
    </ClCompile>
    <ClCompile Include="3-D-7.cpp">
      <Filter>10주완성 C++ 코딩테스트 인프런 강의\3주차\3주차 복습\3-D</Filter>
    </ClCompile>
    <ClCompile Include="3-E-6.cpp">
      <Filter>10주완성 C++ 코딩테스트 인프런 강의\3주차\3주차 복습\3-E</Filter>
    </ClCompile>
    <ClCompile Include="3-F-6.cpp">
      <Filter>10주완성 C++ 코딩테스트 인프런 강의\3주차\3주차 복습\3-F</Filter>
    </ClCompile>
    <ClCompile Include="3-H-6.cpp">
      <Filter>10주완성 C++ 코딩테스트 인프런 강의\3주차\3주차 복습\3-H</Filter>
    </ClCompile>
    <ClCompile Include="3-I-5.cpp">
      <Filter>10주완성 C++ 코딩테스트 인프런 강의\3주차\3주차 복습\3-I</Filter>
    </ClCompile>
    <ClCompile Include="3-K-5.cpp">
      <Filter>10주완성 C++ 코딩테스트 인프런 강의\3주차\3주차 복습\3-K</Filter>
    </ClCompile>
    <ClCompile Include="3-O-2.cpp">
      <Filter>10주완성 C++ 코딩테스트 인프런 강의\3주차\3주차 복습\3-O</Filter>
    </ClCompile>
    <ClCompile Include="7-B-2.cpp">
      <Filter>10주완성 C++ 코딩테스트 인프런 강의\7주차\7주차 복습\7-B</Filter>
    </ClCompile>
    <ClCompile Include="7-C-2.cpp">
      <Filter>10주완성 C++ 코딩테스트 인프런 강의\7주차\7주차 복습\7-C</Filter>
    </ClCompile>
    <ClCompile Include="7-D-1.cpp">
      <Filter>10주완성 C++ 코딩테스트 인프런 강의\7주차\7주차 복습\7-D</Filter>
    </ClCompile>
    <ClCompile Include="7-E.cpp">
      <Filter>10주완성 C++ 코딩테스트 인프런 강의\7주차</Filter>
    </ClCompile>
    <ClCompile Include="7-F.cpp">
      <Filter>10주완성 C++ 코딩테스트 인프런 강의\7주차</Filter>
    </ClCompile>
    <ClCompile Include="7-F-1.cpp">
      <Filter>10주완성 C++ 코딩테스트 인프런 강의\7주차\7주차 복습\7-F</Filter>
    </ClCompile>
    <ClCompile Include="7-G.cpp">
      <Filter>10주완성 C++ 코딩테스트 인프런 강의\7주차</Filter>
    </ClCompile>
    <ClCompile Include="7-G-1.cpp">
      <Filter>10주완성 C++ 코딩테스트 인프런 강의\7주차\7주차 복습\7-G</Filter>
    </ClCompile>
    <ClCompile Include="3-E-7.cpp">
      <Filter>10주완성 C++ 코딩테스트 인프런 강의\3주차\3주차 복습\3-E</Filter>
    </ClCompile>
    <ClCompile Include="3-F-7.cpp">
      <Filter>10주완성 C++ 코딩테스트 인프런 강의\3주차\3주차 복습\3-F</Filter>
    </ClCompile>
    <ClCompile Include="3-H-7.cpp">
      <Filter>10주완성 C++ 코딩테스트 인프런 강의\3주차\3주차 복습\3-H</Filter>
    </ClCompile>
    <ClCompile Include="3-I-6.cpp">
      <Filter>10주완성 C++ 코딩테스트 인프런 강의\3주차\3주차 복습\3-I</Filter>
    </ClCompile>
    <ClCompile Include="3-K-6.cpp">
      <Filter>10주완성 C++ 코딩테스트 인프런 강의\3주차\3주차 복습\3-K</Filter>
    </ClCompile>
    <ClCompile Include="3-O-3.cpp">
      <Filter>10주완성 C++ 코딩테스트 인프런 강의\3주차\3주차 복습\3-O</Filter>
    </ClCompile>
    <ClCompile Include="7-B-3.cpp">
      <Filter>10주완성 C++ 코딩테스트 인프런 강의\7주차\7주차 복습\7-B</Filter>
    </ClCompile>
    <ClCompile Include="7-C-3.cpp">
      <Filter>10주완성 C++ 코딩테스트 인프런 강의\7주차\7주차 복습\7-C</Filter>
    </ClCompile>
    <ClCompile Include="7-D-2.cpp">
      <Filter>10주완성 C++ 코딩테스트 인프런 강의\7주차\7주차 복습\7-D</Filter>
    </ClCompile>
    <ClCompile Include="7-F-2.cpp">
      <Filter>10주완성 C++ 코딩테스트 인프런 강의\7주차\7주차 복습\7-F</Filter>
    </ClCompile>
    <ClCompile Include="7-G-2.cpp">
      <Filter>10주완성 C++ 코딩테스트 인프런 강의\7주차\7주차 복습\7-G</Filter>
    </ClCompile>
    <ClCompile Include="3-I-7.cpp">
      <Filter>10주완성 C++ 코딩테스트 인프런 강의\3주차\3주차 복습\3-I</Filter>
    </ClCompile>
    <ClCompile Include="3-K-7.cpp">
      <Filter>10주완성 C++ 코딩테스트 인프런 강의\3주차\3주차 복습\3-K</Filter>
    </ClCompile>
    <ClCompile Include="7-B-4.cpp">
      <Filter>10주완성 C++ 코딩테스트 인프런 강의\7주차\7주차 복습\7-B</Filter>
    </ClCompile>
    <ClCompile Include="7-C-4.cpp">
      <Filter>10주완성 C++ 코딩테스트 인프런 강의\7주차\7주차 복습\7-C</Filter>
    </ClCompile>
    <ClCompile Include="7-D-3.cpp">
      <Filter>10주완성 C++ 코딩테스트 인프런 강의\7주차\7주차 복습\7-D</Filter>
    </ClCompile>
    <ClCompile Include="7-F-3.cpp">
      <Filter>10주완성 C++ 코딩테스트 인프런 강의\7주차\7주차 복습\7-F</Filter>
    </ClCompile>
    <ClCompile Include="7-G-3.cpp">
      <Filter>10주완성 C++ 코딩테스트 인프런 강의\7주차\7주차 복습\7-G</Filter>
    </ClCompile>
    <ClCompile Include="7-H.cpp">
      <Filter>10주완성 C++ 코딩테스트 인프런 강의\7주차</Filter>
    </ClCompile>
    <ClCompile Include="7-H-1.cpp">
      <Filter>10주완성 C++ 코딩테스트 인프런 강의\7주차\7주차 복습\7-H</Filter>
    </ClCompile>
    <ClCompile Include="7-I.cpp">
      <Filter>10주완성 C++ 코딩테스트 인프런 강의\7주차</Filter>
    </ClCompile>
    <ClCompile Include="7-I-1.cpp">
      <Filter>10주완성 C++ 코딩테스트 인프런 강의\7주차\7주차 복습\7-I</Filter>
    </ClCompile>
    <ClCompile Include="7-J.cpp">
      <Filter>10주완성 C++ 코딩테스트 인프런 강의\7주차</Filter>
    </ClCompile>
    <ClCompile Include="7-J-1.cpp">
      <Filter>10주완성 C++ 코딩테스트 인프런 강의\7주차\7주차 복습\7-J</Filter>
    </ClCompile>
    <ClCompile Include="7-K.cpp">
      <Filter>10주완성 C++ 코딩테스트 인프런 강의\7주차</Filter>
    </ClCompile>
    <ClCompile Include="7-K-1.cpp">
      <Filter>10주완성 C++ 코딩테스트 인프런 강의\7주차\7주차 복습\7-K</Filter>
    </ClCompile>
    <ClCompile Include="7-B-5.cpp">
      <Filter>10주완성 C++ 코딩테스트 인프런 강의\7주차\7주차 복습\7-B</Filter>
    </ClCompile>
    <ClCompile Include="7-C-5.cpp">
      <Filter>10주완성 C++ 코딩테스트 인프런 강의\7주차\7주차 복습\7-C</Filter>
    </ClCompile>
    <ClCompile Include="7-D-4.cpp">
      <Filter>10주완성 C++ 코딩테스트 인프런 강의\7주차\7주차 복습\7-D</Filter>
    </ClCompile>
    <ClCompile Include="7-F-4.cpp">
      <Filter>10주완성 C++ 코딩테스트 인프런 강의\7주차\7주차 복습\7-F</Filter>
    </ClCompile>
    <ClCompile Include="7-G-4.cpp">
      <Filter>10주완성 C++ 코딩테스트 인프런 강의\7주차\7주차 복습\7-G</Filter>
    </ClCompile>
    <ClCompile Include="7-H-2.cpp">
      <Filter>10주완성 C++ 코딩테스트 인프런 강의\7주차\7주차 복습\7-H</Filter>
    </ClCompile>
    <ClCompile Include="7-I-2.cpp">
      <Filter>10주완성 C++ 코딩테스트 인프런 강의\7주차\7주차 복습\7-I</Filter>
    </ClCompile>
    <ClCompile Include="7-J-2.cpp">
      <Filter>10주완성 C++ 코딩테스트 인프런 강의\7주차\7주차 복습\7-J</Filter>
    </ClCompile>
    <ClCompile Include="7-K-2.cpp">
      <Filter>10주완성 C++ 코딩테스트 인프런 강의\7주차\7주차 복습\7-K</Filter>
    </ClCompile>
    <ClCompile Include="7-B-6.cpp">
      <Filter>10주완성 C++ 코딩테스트 인프런 강의\7주차\7주차 복습\7-B</Filter>
    </ClCompile>
    <ClCompile Include="7-C-6.cpp">
      <Filter>10주완성 C++ 코딩테스트 인프런 강의\7주차\7주차 복습\7-C</Filter>
    </ClCompile>
    <ClCompile Include="7-D-5.cpp">
      <Filter>10주완성 C++ 코딩테스트 인프런 강의\7주차\7주차 복습\7-D</Filter>
    </ClCompile>
    <ClCompile Include="7-F-5.cpp">
      <Filter>10주완성 C++ 코딩테스트 인프런 강의\7주차\7주차 복습\7-F</Filter>
    </ClCompile>
    <ClCompile Include="7-G-5.cpp">
      <Filter>10주완성 C++ 코딩테스트 인프런 강의\7주차\7주차 복습\7-G</Filter>
    </ClCompile>
    <ClCompile Include="7-H-3.cpp">
      <Filter>10주완성 C++ 코딩테스트 인프런 강의\7주차\7주차 복습\7-H</Filter>
    </ClCompile>
    <ClCompile Include="7-I-3.cpp">
      <Filter>10주완성 C++ 코딩테스트 인프런 강의\7주차\7주차 복습\7-I</Filter>
    </ClCompile>
    <ClCompile Include="7-J-3.cpp">
      <Filter>10주완성 C++ 코딩테스트 인프런 강의\7주차\7주차 복습\7-J</Filter>
    </ClCompile>
    <ClCompile Include="7-K-3.cpp">
      <Filter>10주완성 C++ 코딩테스트 인프런 강의\7주차\7주차 복습\7-K</Filter>
    </ClCompile>
    <ClCompile Include="7-L.cpp">
      <Filter>10주완성 C++ 코딩테스트 인프런 강의\7주차</Filter>
    </ClCompile>
    <ClCompile Include="7-M.cpp">
      <Filter>10주완성 C++ 코딩테스트 인프런 강의\7주차</Filter>
    </ClCompile>
    <ClCompile Include="7-N.cpp">
      <Filter>10주완성 C++ 코딩테스트 인프런 강의\7주차</Filter>
    </ClCompile>
    <ClCompile Include="7-N-1.cpp">
      <Filter>10주완성 C++ 코딩테스트 인프런 강의\7주차\7주차 복습\7-N</Filter>
    </ClCompile>
    <ClCompile Include="7-O.cpp">
      <Filter>10주완성 C++ 코딩테스트 인프런 강의\7주차</Filter>
    </ClCompile>
    <ClCompile Include="7-B-7.cpp">
      <Filter>10주완성 C++ 코딩테스트 인프런 강의\7주차\7주차 복습\7-B</Filter>
    </ClCompile>
    <ClCompile Include="7-C-7.cpp">
      <Filter>10주완성 C++ 코딩테스트 인프런 강의\7주차\7주차 복습\7-C</Filter>
    </ClCompile>
    <ClCompile Include="7-F-6.cpp">
      <Filter>10주완성 C++ 코딩테스트 인프런 강의\7주차\7주차 복습\7-F</Filter>
    </ClCompile>
    <ClCompile Include="7-G-6.cpp">
      <Filter>10주완성 C++ 코딩테스트 인프런 강의\7주차\7주차 복습\7-G</Filter>
    </ClCompile>
    <ClCompile Include="7-H-4.cpp">
      <Filter>10주완성 C++ 코딩테스트 인프런 강의\7주차\7주차 복습\7-H</Filter>
    </ClCompile>
    <ClCompile Include="7-I-4.cpp">
      <Filter>10주완성 C++ 코딩테스트 인프런 강의\7주차\7주차 복습\7-I</Filter>
    </ClCompile>
    <ClCompile Include="7-J-4.cpp">
      <Filter>10주완성 C++ 코딩테스트 인프런 강의\7주차\7주차 복습\7-J</Filter>
    </ClCompile>
    <ClCompile Include="7-K-4.cpp">
      <Filter>10주완성 C++ 코딩테스트 인프런 강의\7주차\7주차 복습\7-K</Filter>
    </ClCompile>
    <ClCompile Include="7-N-2.cpp">
      <Filter>10주완성 C++ 코딩테스트 인프런 강의\7주차\7주차 복습\7-N</Filter>
    </ClCompile>
    <ClCompile Include="7-F-7.cpp">
      <Filter>10주완성 C++ 코딩테스트 인프런 강의\7주차\7주차 복습\7-F</Filter>
    </ClCompile>
    <ClCompile Include="7-G-7.cpp">
      <Filter>10주완성 C++ 코딩테스트 인프런 강의\7주차\7주차 복습\7-G</Filter>
    </ClCompile>
    <ClCompile Include="7-H-5.cpp">
      <Filter>10주완성 C++ 코딩테스트 인프런 강의\7주차\7주차 복습\7-H</Filter>
    </ClCompile>
    <ClCompile Include="7-I-5.cpp">
      <Filter>10주완성 C++ 코딩테스트 인프런 강의\7주차\7주차 복습\7-I</Filter>
    </ClCompile>
    <ClCompile Include="7-J-5.cpp">
      <Filter>10주완성 C++ 코딩테스트 인프런 강의\7주차\7주차 복습\7-J</Filter>
    </ClCompile>
    <ClCompile Include="7-K-5.cpp">
      <Filter>10주완성 C++ 코딩테스트 인프런 강의\7주차\7주차 복습\7-K</Filter>
    </ClCompile>
    <ClCompile Include="7-N-3.cpp">
      <Filter>10주완성 C++ 코딩테스트 인프런 강의\7주차\7주차 복습\7-N</Filter>
    </ClCompile>
    <ClCompile Include="7-H-6.cpp">
      <Filter>10주완성 C++ 코딩테스트 인프런 강의\7주차\7주차 복습\7-H</Filter>
    </ClCompile>
    <ClCompile Include="7-I-6.cpp">
      <Filter>10주완성 C++ 코딩테스트 인프런 강의\7주차\7주차 복습\7-I</Filter>
    </ClCompile>
    <ClCompile Include="7-J-6.cpp">
      <Filter>10주완성 C++ 코딩테스트 인프런 강의\7주차\7주차 복습\7-J</Filter>
    </ClCompile>
    <ClCompile Include="7-K-6.cpp">
      <Filter>10주완성 C++ 코딩테스트 인프런 강의\7주차\7주차 복습\7-K</Filter>
    </ClCompile>
    <ClCompile Include="7-N-4.cpp">
      <Filter>10주완성 C++ 코딩테스트 인프런 강의\7주차\7주차 복습\7-N</Filter>
    </ClCompile>
    <ClCompile Include="7-P.cpp">
      <Filter>10주완성 C++ 코딩테스트 인프런 강의\7주차</Filter>
    </ClCompile>
    <ClCompile Include="7-H-7.cpp">
      <Filter>10주완성 C++ 코딩테스트 인프런 강의\7주차\7주차 복습\7-H</Filter>
    </ClCompile>
    <ClCompile Include="7-P-1.cpp">
      <Filter>10주완성 C++ 코딩테스트 인프런 강의\7주차\7주차 복습\7-P</Filter>
    </ClCompile>
    <ClCompile Include="7-Q.cpp">
      <Filter>10주완성 C++ 코딩테스트 인프런 강의\7주차</Filter>
    </ClCompile>
    <ClCompile Include="7-Q-1.cpp">
      <Filter>10주완성 C++ 코딩테스트 인프런 강의\7주차\7주차 복습\7-Q</Filter>
    </ClCompile>
    <ClCompile Include="7-R.cpp">
      <Filter>10주완성 C++ 코딩테스트 인프런 강의\7주차</Filter>
    </ClCompile>
    <ClCompile Include="7-S.cpp">
      <Filter>10주완성 C++ 코딩테스트 인프런 강의\7주차</Filter>
    </ClCompile>
    <ClCompile Include="7-I-7.cpp">
      <Filter>10주완성 C++ 코딩테스트 인프런 강의\7주차\7주차 복습\7-I</Filter>
    </ClCompile>
    <ClCompile Include="7-J-7.cpp">
      <Filter>10주완성 C++ 코딩테스트 인프런 강의\7주차\7주차 복습\7-J</Filter>
    </ClCompile>
    <ClCompile Include="7-K-7.cpp">
      <Filter>10주완성 C++ 코딩테스트 인프런 강의\7주차\7주차 복습\7-K</Filter>
    </ClCompile>
    <ClCompile Include="7-N-5.cpp">
      <Filter>10주완성 C++ 코딩테스트 인프런 강의\7주차\7주차 복습\7-N</Filter>
    </ClCompile>
    <ClCompile Include="7-S-1.cpp">
      <Filter>10주완성 C++ 코딩테스트 인프런 강의\7주차\7주차 복습\7-S</Filter>
    </ClCompile>
    <ClCompile Include="7-N-6.cpp">
      <Filter>10주완성 C++ 코딩테스트 인프런 강의\7주차\7주차 복습\7-N</Filter>
    </ClCompile>
    <ClCompile Include="7-P-2.cpp">
      <Filter>10주완성 C++ 코딩테스트 인프런 강의\7주차\7주차 복습\7-P</Filter>
    </ClCompile>
    <ClCompile Include="7-Q-2.cpp">
      <Filter>10주완성 C++ 코딩테스트 인프런 강의\7주차\7주차 복습\7-Q</Filter>
    </ClCompile>
    <ClCompile Include="7-S-2.cpp">
      <Filter>10주완성 C++ 코딩테스트 인프런 강의\7주차\7주차 복습\7-S</Filter>
    </ClCompile>
    <ClCompile Include="7-T.cpp">
      <Filter>10주완성 C++ 코딩테스트 인프런 강의\7주차</Filter>
    </ClCompile>
    <ClCompile Include="7-U.cpp">
      <Filter>10주완성 C++ 코딩테스트 인프런 강의\7주차</Filter>
    </ClCompile>
  </ItemGroup>
</Project>